
Microsoft Visual Studio Solution File, Format Version 12.00
# Visual Studio Version 17
VisualStudioVersion = 17.14.36603.0
MinimumVisualStudioVersion = 10.0.40219.1
Project("{FAE04EC0-301F-11D3-BF4B-00C04F79EFBC}") = "DotNET9Demo", "DotNET9Demo\DotNET9Demo.csproj", "{C9DDB0B6-BD50-4E8C-A1FC-0053F38AC395}"
EndProject
Project("{FAE04EC0-301F-11D3-BF4B-00C04F79EFBC}") = "DotNETStandardLib", "DotNETStandardLib\DotNETStandardLib.csproj", "{4E6047E9-B004-4AD6-B8D0-1C859D0E14E0}"
EndProject
Project("{FAE04EC0-301F-11D3-BF4B-00C04F79EFBC}") = "DotNET462Demo", "DotNET462Demo\DotNET462Demo.csproj", "{B4A0A758-F808-44B5-AE14-E8432F051967}"
EndProject
Project("{D954291E-2A0B-460D-934E-DC6B0785DB48}") = "DotNET.Shared", "DotNET.Shared\DotNET.Shared.shproj", "{82583976-56EC-474A-A480-5ED1E55FB4A9}"
EndProject
Project("{FAE04EC0-301F-11D3-BF4B-00C04F79EFBC}") = "DotNETMultiDemo", "DotNETMultiDemo\DotNETMultiDemo.csproj", "{9CCB9DF1-C6C4-4DB8-BB75-F035170F7923}"
EndProject
Global
	GlobalSection(SolutionConfigurationPlatforms) = preSolution
		Debug|Any CPU = Debug|Any CPU
		Release|Any CPU = Release|Any CPU
	EndGlobalSection
	GlobalSection(ProjectConfigurationPlatforms) = postSolution
		{C9DDB0B6-BD50-4E8C-A1FC-0053F38AC395}.Debug|Any CPU.ActiveCfg = Debug|Any CPU
		{C9DDB0B6-BD50-4E8C-A1FC-0053F38AC395}.Debug|Any CPU.Build.0 = Debug|Any CPU
		{C9DDB0B6-BD50-4E8C-A1FC-0053F38AC395}.Release|Any CPU.ActiveCfg = Release|Any CPU
		{C9DDB0B6-BD50-4E8C-A1FC-0053F38AC395}.Release|Any CPU.Build.0 = Release|Any CPU
		{4E6047E9-B004-4AD6-B8D0-1C859D0E14E0}.Debug|Any CPU.ActiveCfg = Debug|Any CPU
		{4E6047E9-B004-4AD6-B8D0-1C859D0E14E0}.Debug|Any CPU.Build.0 = Debug|Any CPU
		{4E6047E9-B004-4AD6-B8D0-1C859D0E14E0}.Release|Any CPU.ActiveCfg = Release|Any CPU
		{4E6047E9-B004-4AD6-B8D0-1C859D0E14E0}.Release|Any CPU.Build.0 = Release|Any CPU
		{B4A0A758-F808-44B5-AE14-E8432F051967}.Debug|Any CPU.ActiveCfg = Debug|Any CPU
		{B4A0A758-F808-44B5-AE14-E8432F051967}.Debug|Any CPU.Build.0 = Debug|Any CPU
		{B4A0A758-F808-44B5-AE14-E8432F051967}.Release|Any CPU.ActiveCfg = Release|Any CPU
		{B4A0A758-F808-44B5-AE14-E8432F051967}.Release|Any CPU.Build.0 = Release|Any CPU
		{9CCB9DF1-C6C4-4DB8-BB75-F035170F7923}.Debug|Any CPU.ActiveCfg = Debug|Any CPU
		{9CCB9DF1-C6C4-4DB8-BB75-F035170F7923}.Debug|Any CPU.Build.0 = Debug|Any CPU
		{9CCB9DF1-C6C4-4DB8-BB75-F035170F7923}.Release|Any CPU.ActiveCfg = Release|Any CPU
		{9CCB9DF1-C6C4-4DB8-BB75-F035170F7923}.Release|Any CPU.Build.0 = Release|Any CPU
	EndGlobalSection
	GlobalSection(SolutionProperties) = preSolution
		HideSolutionNode = FALSE
	EndGlobalSection
	GlobalSection(ExtensibilityGlobals) = postSolution
		SolutionGuid = {F7B03D5A-0FC8-4613-987D-291A08E89360}
	EndGlobalSection
	GlobalSection(SharedMSBuildProjectFiles) = preSolution
		DotNET.Shared\DotNET.Shared.projitems*{82583976-56ec-474a-a480-5ed1e55fb4a9}*SharedItemsImports = 13
	EndGlobalSection
EndGlobal
