
Microsoft Visual Studio Solution File, Format Version 12.00
# Visual Studio Version 16
VisualStudioVersion = 16.0.30717.126
MinimumVisualStudioVersion = 10.0.40219.1
Project("{9A19103F-16F7-4668-BE54-9A1E7A4F7556}") = "Learning.RedisDemo.Console", "Learning.RedisDemo.Console\Learning.RedisDemo.Console.csproj", "{E5E8DC26-A48C-4B3B-AFAE-3F91403AF5DD}"
EndProject
Global
	GlobalSection(SolutionConfigurationPlatforms) = preSolution
		Debug|Any CPU = Debug|Any CPU
		Release|Any CPU = Release|Any CPU
	EndGlobalSection
	GlobalSection(ProjectConfigurationPlatforms) = postSolution
		{E5E8DC26-A48C-4B3B-AFAE-3F91403AF5DD}.Debug|Any CPU.ActiveCfg = Debug|Any CPU
		{E5E8DC26-A48C-4B3B-AFAE-3F91403AF5DD}.Debug|Any CPU.Build.0 = Debug|Any CPU
		{E5E8DC26-A48C-4B3B-AFAE-3F91403AF5DD}.Release|Any CPU.ActiveCfg = Release|Any CPU
		{E5E8DC26-A48C-4B3B-AFAE-3F91403AF5DD}.Release|Any CPU.Build.0 = Release|Any CPU
	EndGlobalSection
	GlobalSection(SolutionProperties) = preSolution
		HideSolutionNode = FALSE
	EndGlobalSection
	GlobalSection(ExtensibilityGlobals) = postSolution
		SolutionGuid = {92870F9C-6F6B-4B6A-A756-A3096C053F2C}
	EndGlobalSection
	GlobalSection(TeamFoundationVersionControl) = preSolution
		SccNumberOfProjects = 2
		SccEnterpriseProvider = {4CA58AB2-18FA-4F8D-95D4-32DDF27D184C}
		SccTeamFoundationServer = https://dev.azure.com/ekplex
		SccLocalPath0 = .
		SccProjectUniqueName1 = Learning.RedisDemo.Console\\Learning.RedisDemo.Console.csproj
		SccProjectName1 = Learning.RedisDemo.Console
		SccLocalPath1 = Learning.RedisDemo.Console
	EndGlobalSection
EndGlobal
