
Microsoft Visual Studio Solution File, Format Version 12.00
# Visual Studio Version 17
VisualStudioVersion = 17.0.31808.319
MinimumVisualStudioVersion = 10.0.40219.1
Project("{FAE04EC0-301F-11D3-BF4B-00C04F79EFBC}") = "Navigation", "Navigation\Navigation.csproj", "{1FFAB160-260E-4A05-95A6-E2812C76EDD6}"
EndProject
Project("{FAE04EC0-301F-11D3-BF4B-00C04F79EFBC}") = "Dialog", "Dialog\Dialog.csproj", "{D41154E5-04B0-43A5-8E28-0AB87E33B0BA}"
EndProject
Global
	GlobalSection(SolutionConfigurationPlatforms) = preSolution
		Debug|Any CPU = Debug|Any CPU
		Release|Any CPU = Release|Any CPU
	EndGlobalSection
	GlobalSection(ProjectConfigurationPlatforms) = postSolution
		{1FFAB160-260E-4A05-95A6-E2812C76EDD6}.Debug|Any CPU.ActiveCfg = Debug|Any CPU
		{1FFAB160-260E-4A05-95A6-E2812C76EDD6}.Debug|Any CPU.Build.0 = Debug|Any CPU
		{1FFAB160-260E-4A05-95A6-E2812C76EDD6}.Release|Any CPU.ActiveCfg = Release|Any CPU
		{1FFAB160-260E-4A05-95A6-E2812C76EDD6}.Release|Any CPU.Build.0 = Release|Any CPU
		{D41154E5-04B0-43A5-8E28-0AB87E33B0BA}.Debug|Any CPU.ActiveCfg = Debug|Any CPU
		{D41154E5-04B0-43A5-8E28-0AB87E33B0BA}.Debug|Any CPU.Build.0 = Debug|Any CPU
		{D41154E5-04B0-43A5-8E28-0AB87E33B0BA}.Release|Any CPU.ActiveCfg = Release|Any CPU
		{D41154E5-04B0-43A5-8E28-0AB87E33B0BA}.Release|Any CPU.Build.0 = Release|Any CPU
	EndGlobalSection
	GlobalSection(SolutionProperties) = preSolution
		HideSolutionNode = FALSE
	EndGlobalSection
	GlobalSection(ExtensibilityGlobals) = postSolution
		SolutionGuid = {E835DBC5-B795-4EC8-A144-76D8C09170D4}
	EndGlobalSection
EndGlobal
