
Microsoft Visual Studio Solution File, Format Version 12.00
# Visual Studio Version 18
VisualStudioVersion = 18.1.11312.151 d18.0
MinimumVisualStudioVersion = 10.0.40219.1
Project("{9A19103F-16F7-4668-BE54-9A1E7A4F7556}") = "Test.CountDown", "Test.CountDown\Test.CountDown.csproj", "{82C325B7-934E-4F8F-8D73-AF6152B2C4E9}"
EndProject
Project("{9A19103F-16F7-4668-BE54-9A1E7A4F7556}") = "Test.DocumentViewer", "Test.DocumentViewer\Test.DocumentViewer.csproj", "{B14CCA07-4864-4A73-9990-B8745192676F}"
EndProject
Project("{9A19103F-16F7-4668-BE54-9A1E7A4F7556}") = "Test.IconFonts", "Test.IconFonts\Test.IconFonts.csproj", "{95EF4021-26A1-49A2-980A-A8371FCD4063}"
EndProject
Project("{FAE04EC0-301F-11D3-BF4B-00C04F79EFBC}") = "Test.Moonpdf", "Test.Moonpdf\Test.Moonpdf.csproj", "{E5EA69CF-C73C-483D-8F4B-A9B3B055A7C8}"
EndProject
Project("{9A19103F-16F7-4668-BE54-9A1E7A4F7556}") = "Test.Screenshot", "Test.Screenshot\Test.Screenshot.csproj", "{D71C262F-1A00-4B4B-8354-81379C0BCDAC}"
EndProject
Project("{FAE04EC0-301F-11D3-BF4B-00C04F79EFBC}") = "Test.DragControl", "Test.DragControl\Test.DragControl.csproj", "{8B358AE3-2844-4D0D-8F71-D24EDC8F6D0C}"
EndProject
Project("{9A19103F-16F7-4668-BE54-9A1E7A4F7556}") = "Test.CovariantAndContravariant", "Test.CovariantAndContravariant\Test.CovariantAndContravariant.csproj", "{E06DD3A9-16F1-4CD8-AF93-62D6E98C9267}"
EndProject
Project("{2150E333-8FDC-42A3-9474-1A3956D46DE8}") = "WindowsMesage", "WindowsMesage", "{6EA23CD0-63C0-431E-9248-3E25C1B3CC22}"
EndProject
Project("{9A19103F-16F7-4668-BE54-9A1E7A4F7556}") = "Test.ControlAutoHide", "Test.ControlAutoHide\Test.ControlAutoHide.csproj", "{8047F842-93D3-44CB-847A-1700BE1D64D9}"
EndProject
Project("{FAE04EC0-301F-11D3-BF4B-00C04F79EFBC}") = "Test.ListBoxPage", "Test.ListBoxPage\Test.ListBoxPage.csproj", "{A1211E6E-D7E5-4938-8799-138F178E04E7}"
EndProject
Project("{FAE04EC0-301F-11D3-BF4B-00C04F79EFBC}") = "Test.MultiTouch", "Test.MultiTouch\Test.MultiTouch.csproj", "{F817283A-A013-4367-92F6-547838C7C479}"
EndProject
Project("{9A19103F-16F7-4668-BE54-9A1E7A4F7556}") = "Test.InkCanvasDemo", "Test.InkCanvasDemo\Test.InkCanvasDemo.csproj", "{3B304006-2054-4077-AF23-444B80156B4D}"
EndProject
Project("{FAE04EC0-301F-11D3-BF4B-00C04F79EFBC}") = "Test.SqliteNetDemo", "Test.SqliteNetDemo\Test.SqliteNetDemo.csproj", "{421EC3C7-0498-459C-902B-747385E18C5D}"
EndProject
Project("{FAE04EC0-301F-11D3-BF4B-00C04F79EFBC}") = "Test.SqliteEFDemo", "Test.SqliteEFDemo\Test.SqliteEFDemo.csproj", "{F6AEDEFB-AF5F-41E8-B274-A2A88C304C6B}"
EndProject
Project("{9A19103F-16F7-4668-BE54-9A1E7A4F7556}") = "Test.DragBehaviorDemo", "Test.DragBehaviorDemo\Test.DragBehaviorDemo.csproj", "{2836BDF7-5F1A-4E35-8362-C1D5CE2C188D}"
EndProject
Project("{9A19103F-16F7-4668-BE54-9A1E7A4F7556}") = "Test.ListViewDemo", "Test.ListViewDemo\Test.ListViewDemo.csproj", "{1EED0993-016D-449F-A69A-13FA3914F509}"
EndProject
Project("{9A19103F-16F7-4668-BE54-9A1E7A4F7556}") = "Test.AttachedProperties", "Test.AttachedProperties\Test.AttachedProperties.csproj", "{51071B08-DDCE-402C-8B88-A6E1E00C5755}"
EndProject
Project("{9A19103F-16F7-4668-BE54-9A1E7A4F7556}") = "Test.DataGridDemo", "Test.DataGridDemo\Test.DataGridDemo.csproj", "{DB828825-57FE-44DA-A6A0-B5EB09D186CE}"
EndProject
Project("{2150E333-8FDC-42A3-9474-1A3956D46DE8}") = "MultiLang", "MultiLang", "{934D1190-88E2-4A2B-BC3E-0F794B07B74A}"
EndProject
Project("{9A19103F-16F7-4668-BE54-9A1E7A4F7556}") = "Test.ChangeLang", "MultiLang\Test.ChangeLang\Test.ChangeLang.csproj", "{532C173F-7C22-43F5-9534-CC7A19BBAEF6}"
EndProject
Project("{FAE04EC0-301F-11D3-BF4B-00C04F79EFBC}") = "Test.Multilanguage", "MultiLang\Test.Multilanguage\Test.Multilanguage.csproj", "{A0AAE292-DCD4-48A6-98C6-B5AF6AA19293}"
EndProject
Project("{FAE04EC0-301F-11D3-BF4B-00C04F79EFBC}") = "ChangeLanguage", "MultiLang\ChangeLanguage\ChangeLanguage.csproj", "{B1DF311B-B1EF-447E-9545-F50ED95D2B83}"
EndProject
Project("{FAE04EC0-301F-11D3-BF4B-00C04F79EFBC}") = "LanguageResource", "MultiLang\LanguageResource\LanguageResource.csproj", "{071E7F94-2E47-490A-A02A-B3F9DCD77310}"
EndProject
Project("{9A19103F-16F7-4668-BE54-9A1E7A4F7556}") = "Test.MainWpfApp", "WindowsMesage\Test.MainWpfApp\Test.MainWpfApp.csproj", "{73C377D2-0F1A-4052-8244-2846E3600363}"
EndProject
Project("{9A19103F-16F7-4668-BE54-9A1E7A4F7556}") = "Test.SubWpfApp", "WindowsMesage\Test.SubWpfApp\Test.SubWpfApp.csproj", "{C6C95519-79B6-40E6-A431-9883D7D4BD80}"
EndProject
Project("{9A19103F-16F7-4668-BE54-9A1E7A4F7556}") = "Test.Shared", "WindowsMesage\Test.Shared\Test.Shared.csproj", "{A866C363-0225-41F7-92E1-6EA9B77A21E4}"
EndProject
Project("{9A19103F-16F7-4668-BE54-9A1E7A4F7556}") = "Test.ComboboxDemo", "Test.ComboboxDemo\Test.ComboboxDemo.csproj", "{105CCC16-E326-4099-B1BA-EF3AECEEAE6B}"
EndProject
Project("{FAE04EC0-301F-11D3-BF4B-00C04F79EFBC}") = "Test.TransformDemo", "Test.TransformDemo\Test.TransformDemo.csproj", "{8B1FF907-EB8C-4CC4-B990-208FA6FBCB7B}"
EndProject
Project("{FAE04EC0-301F-11D3-BF4B-00C04F79EFBC}") = "Test.HardwareInfoDemo", "Test.HardwareInfoDemo\Test.HardwareInfoDemo.csproj", "{1FF332A1-A3F2-453A-A70B-D19009EFEBBE}"
EndProject
Global
	GlobalSection(SolutionConfigurationPlatforms) = preSolution
		Debug|Any CPU = Debug|Any CPU
		Debug|x86 = Debug|x86
		Release|Any CPU = Release|Any CPU
		Release|x86 = Release|x86
	EndGlobalSection
	GlobalSection(ProjectConfigurationPlatforms) = postSolution
		{82C325B7-934E-4F8F-8D73-AF6152B2C4E9}.Debug|Any CPU.ActiveCfg = Debug|Any CPU
		{82C325B7-934E-4F8F-8D73-AF6152B2C4E9}.Debug|Any CPU.Build.0 = Debug|Any CPU
		{82C325B7-934E-4F8F-8D73-AF6152B2C4E9}.Debug|x86.ActiveCfg = Debug|Any CPU
		{82C325B7-934E-4F8F-8D73-AF6152B2C4E9}.Debug|x86.Build.0 = Debug|Any CPU
		{82C325B7-934E-4F8F-8D73-AF6152B2C4E9}.Release|Any CPU.ActiveCfg = Release|Any CPU
		{82C325B7-934E-4F8F-8D73-AF6152B2C4E9}.Release|Any CPU.Build.0 = Release|Any CPU
		{82C325B7-934E-4F8F-8D73-AF6152B2C4E9}.Release|x86.ActiveCfg = Release|Any CPU
		{82C325B7-934E-4F8F-8D73-AF6152B2C4E9}.Release|x86.Build.0 = Release|Any CPU
		{B14CCA07-4864-4A73-9990-B8745192676F}.Debug|Any CPU.ActiveCfg = Debug|Any CPU
		{B14CCA07-4864-4A73-9990-B8745192676F}.Debug|Any CPU.Build.0 = Debug|Any CPU
		{B14CCA07-4864-4A73-9990-B8745192676F}.Debug|x86.ActiveCfg = Debug|Any CPU
		{B14CCA07-4864-4A73-9990-B8745192676F}.Debug|x86.Build.0 = Debug|Any CPU
		{B14CCA07-4864-4A73-9990-B8745192676F}.Release|Any CPU.ActiveCfg = Release|Any CPU
		{B14CCA07-4864-4A73-9990-B8745192676F}.Release|Any CPU.Build.0 = Release|Any CPU
		{B14CCA07-4864-4A73-9990-B8745192676F}.Release|x86.ActiveCfg = Release|Any CPU
		{B14CCA07-4864-4A73-9990-B8745192676F}.Release|x86.Build.0 = Release|Any CPU
		{95EF4021-26A1-49A2-980A-A8371FCD4063}.Debug|Any CPU.ActiveCfg = Debug|Any CPU
		{95EF4021-26A1-49A2-980A-A8371FCD4063}.Debug|Any CPU.Build.0 = Debug|Any CPU
		{95EF4021-26A1-49A2-980A-A8371FCD4063}.Debug|x86.ActiveCfg = Debug|Any CPU
		{95EF4021-26A1-49A2-980A-A8371FCD4063}.Debug|x86.Build.0 = Debug|Any CPU
		{95EF4021-26A1-49A2-980A-A8371FCD4063}.Release|Any CPU.ActiveCfg = Release|Any CPU
		{95EF4021-26A1-49A2-980A-A8371FCD4063}.Release|Any CPU.Build.0 = Release|Any CPU
		{95EF4021-26A1-49A2-980A-A8371FCD4063}.Release|x86.ActiveCfg = Release|Any CPU
		{95EF4021-26A1-49A2-980A-A8371FCD4063}.Release|x86.Build.0 = Release|Any CPU
		{E5EA69CF-C73C-483D-8F4B-A9B3B055A7C8}.Debug|Any CPU.ActiveCfg = Debug|Any CPU
		{E5EA69CF-C73C-483D-8F4B-A9B3B055A7C8}.Debug|Any CPU.Build.0 = Debug|Any CPU
		{E5EA69CF-C73C-483D-8F4B-A9B3B055A7C8}.Debug|x86.ActiveCfg = Debug|Any CPU
		{E5EA69CF-C73C-483D-8F4B-A9B3B055A7C8}.Debug|x86.Build.0 = Debug|Any CPU
		{E5EA69CF-C73C-483D-8F4B-A9B3B055A7C8}.Release|Any CPU.ActiveCfg = Release|Any CPU
		{E5EA69CF-C73C-483D-8F4B-A9B3B055A7C8}.Release|Any CPU.Build.0 = Release|Any CPU
		{E5EA69CF-C73C-483D-8F4B-A9B3B055A7C8}.Release|x86.ActiveCfg = Release|Any CPU
		{E5EA69CF-C73C-483D-8F4B-A9B3B055A7C8}.Release|x86.Build.0 = Release|Any CPU
		{D71C262F-1A00-4B4B-8354-81379C0BCDAC}.Debug|Any CPU.ActiveCfg = Debug|Any CPU
		{D71C262F-1A00-4B4B-8354-81379C0BCDAC}.Debug|Any CPU.Build.0 = Debug|Any CPU
		{D71C262F-1A00-4B4B-8354-81379C0BCDAC}.Debug|x86.ActiveCfg = Debug|Any CPU
		{D71C262F-1A00-4B4B-8354-81379C0BCDAC}.Debug|x86.Build.0 = Debug|Any CPU
		{D71C262F-1A00-4B4B-8354-81379C0BCDAC}.Release|Any CPU.ActiveCfg = Release|Any CPU
		{D71C262F-1A00-4B4B-8354-81379C0BCDAC}.Release|Any CPU.Build.0 = Release|Any CPU
		{D71C262F-1A00-4B4B-8354-81379C0BCDAC}.Release|x86.ActiveCfg = Release|Any CPU
		{D71C262F-1A00-4B4B-8354-81379C0BCDAC}.Release|x86.Build.0 = Release|Any CPU
		{8B358AE3-2844-4D0D-8F71-D24EDC8F6D0C}.Debug|Any CPU.ActiveCfg = Debug|Any CPU
		{8B358AE3-2844-4D0D-8F71-D24EDC8F6D0C}.Debug|Any CPU.Build.0 = Debug|Any CPU
		{8B358AE3-2844-4D0D-8F71-D24EDC8F6D0C}.Debug|x86.ActiveCfg = Debug|Any CPU
		{8B358AE3-2844-4D0D-8F71-D24EDC8F6D0C}.Debug|x86.Build.0 = Debug|Any CPU
		{8B358AE3-2844-4D0D-8F71-D24EDC8F6D0C}.Release|Any CPU.ActiveCfg = Release|Any CPU
		{8B358AE3-2844-4D0D-8F71-D24EDC8F6D0C}.Release|Any CPU.Build.0 = Release|Any CPU
		{8B358AE3-2844-4D0D-8F71-D24EDC8F6D0C}.Release|x86.ActiveCfg = Release|Any CPU
		{8B358AE3-2844-4D0D-8F71-D24EDC8F6D0C}.Release|x86.Build.0 = Release|Any CPU
		{E06DD3A9-16F1-4CD8-AF93-62D6E98C9267}.Debug|Any CPU.ActiveCfg = Debug|Any CPU
		{E06DD3A9-16F1-4CD8-AF93-62D6E98C9267}.Debug|Any CPU.Build.0 = Debug|Any CPU
		{E06DD3A9-16F1-4CD8-AF93-62D6E98C9267}.Debug|x86.ActiveCfg = Debug|Any CPU
		{E06DD3A9-16F1-4CD8-AF93-62D6E98C9267}.Debug|x86.Build.0 = Debug|Any CPU
		{E06DD3A9-16F1-4CD8-AF93-62D6E98C9267}.Release|Any CPU.ActiveCfg = Release|Any CPU
		{E06DD3A9-16F1-4CD8-AF93-62D6E98C9267}.Release|Any CPU.Build.0 = Release|Any CPU
		{E06DD3A9-16F1-4CD8-AF93-62D6E98C9267}.Release|x86.ActiveCfg = Release|Any CPU
		{E06DD3A9-16F1-4CD8-AF93-62D6E98C9267}.Release|x86.Build.0 = Release|Any CPU
		{8047F842-93D3-44CB-847A-1700BE1D64D9}.Debug|Any CPU.ActiveCfg = Debug|Any CPU
		{8047F842-93D3-44CB-847A-1700BE1D64D9}.Debug|Any CPU.Build.0 = Debug|Any CPU
		{8047F842-93D3-44CB-847A-1700BE1D64D9}.Debug|x86.ActiveCfg = Debug|Any CPU
		{8047F842-93D3-44CB-847A-1700BE1D64D9}.Debug|x86.Build.0 = Debug|Any CPU
		{8047F842-93D3-44CB-847A-1700BE1D64D9}.Release|Any CPU.ActiveCfg = Release|Any CPU
		{8047F842-93D3-44CB-847A-1700BE1D64D9}.Release|Any CPU.Build.0 = Release|Any CPU
		{8047F842-93D3-44CB-847A-1700BE1D64D9}.Release|x86.ActiveCfg = Release|Any CPU
		{8047F842-93D3-44CB-847A-1700BE1D64D9}.Release|x86.Build.0 = Release|Any CPU
		{A1211E6E-D7E5-4938-8799-138F178E04E7}.Debug|Any CPU.ActiveCfg = Debug|Any CPU
		{A1211E6E-D7E5-4938-8799-138F178E04E7}.Debug|Any CPU.Build.0 = Debug|Any CPU
		{A1211E6E-D7E5-4938-8799-138F178E04E7}.Debug|x86.ActiveCfg = Debug|Any CPU
		{A1211E6E-D7E5-4938-8799-138F178E04E7}.Debug|x86.Build.0 = Debug|Any CPU
		{A1211E6E-D7E5-4938-8799-138F178E04E7}.Release|Any CPU.ActiveCfg = Release|Any CPU
		{A1211E6E-D7E5-4938-8799-138F178E04E7}.Release|Any CPU.Build.0 = Release|Any CPU
		{A1211E6E-D7E5-4938-8799-138F178E04E7}.Release|x86.ActiveCfg = Release|Any CPU
		{A1211E6E-D7E5-4938-8799-138F178E04E7}.Release|x86.Build.0 = Release|Any CPU
		{F817283A-A013-4367-92F6-547838C7C479}.Debug|Any CPU.ActiveCfg = Debug|Any CPU
		{F817283A-A013-4367-92F6-547838C7C479}.Debug|Any CPU.Build.0 = Debug|Any CPU
		{F817283A-A013-4367-92F6-547838C7C479}.Debug|x86.ActiveCfg = Debug|Any CPU
		{F817283A-A013-4367-92F6-547838C7C479}.Debug|x86.Build.0 = Debug|Any CPU
		{F817283A-A013-4367-92F6-547838C7C479}.Release|Any CPU.ActiveCfg = Release|Any CPU
		{F817283A-A013-4367-92F6-547838C7C479}.Release|Any CPU.Build.0 = Release|Any CPU
		{F817283A-A013-4367-92F6-547838C7C479}.Release|x86.ActiveCfg = Release|Any CPU
		{F817283A-A013-4367-92F6-547838C7C479}.Release|x86.Build.0 = Release|Any CPU
		{3B304006-2054-4077-AF23-444B80156B4D}.Debug|Any CPU.ActiveCfg = Debug|Any CPU
		{3B304006-2054-4077-AF23-444B80156B4D}.Debug|Any CPU.Build.0 = Debug|Any CPU
		{3B304006-2054-4077-AF23-444B80156B4D}.Debug|x86.ActiveCfg = Debug|Any CPU
		{3B304006-2054-4077-AF23-444B80156B4D}.Debug|x86.Build.0 = Debug|Any CPU
		{3B304006-2054-4077-AF23-444B80156B4D}.Release|Any CPU.ActiveCfg = Release|Any CPU
		{3B304006-2054-4077-AF23-444B80156B4D}.Release|Any CPU.Build.0 = Release|Any CPU
		{3B304006-2054-4077-AF23-444B80156B4D}.Release|x86.ActiveCfg = Release|Any CPU
		{3B304006-2054-4077-AF23-444B80156B4D}.Release|x86.Build.0 = Release|Any CPU
		{421EC3C7-0498-459C-902B-747385E18C5D}.Debug|Any CPU.ActiveCfg = Debug|Any CPU
		{421EC3C7-0498-459C-902B-747385E18C5D}.Debug|Any CPU.Build.0 = Debug|Any CPU
		{421EC3C7-0498-459C-902B-747385E18C5D}.Debug|x86.ActiveCfg = Debug|Any CPU
		{421EC3C7-0498-459C-902B-747385E18C5D}.Debug|x86.Build.0 = Debug|Any CPU
		{421EC3C7-0498-459C-902B-747385E18C5D}.Release|Any CPU.ActiveCfg = Release|Any CPU
		{421EC3C7-0498-459C-902B-747385E18C5D}.Release|Any CPU.Build.0 = Release|Any CPU
		{421EC3C7-0498-459C-902B-747385E18C5D}.Release|x86.ActiveCfg = Release|Any CPU
		{421EC3C7-0498-459C-902B-747385E18C5D}.Release|x86.Build.0 = Release|Any CPU
		{F6AEDEFB-AF5F-41E8-B274-A2A88C304C6B}.Debug|Any CPU.ActiveCfg = Debug|Any CPU
		{F6AEDEFB-AF5F-41E8-B274-A2A88C304C6B}.Debug|Any CPU.Build.0 = Debug|Any CPU
		{F6AEDEFB-AF5F-41E8-B274-A2A88C304C6B}.Debug|x86.ActiveCfg = Debug|Any CPU
		{F6AEDEFB-AF5F-41E8-B274-A2A88C304C6B}.Debug|x86.Build.0 = Debug|Any CPU
		{F6AEDEFB-AF5F-41E8-B274-A2A88C304C6B}.Release|Any CPU.ActiveCfg = Release|Any CPU
		{F6AEDEFB-AF5F-41E8-B274-A2A88C304C6B}.Release|Any CPU.Build.0 = Release|Any CPU
		{F6AEDEFB-AF5F-41E8-B274-A2A88C304C6B}.Release|x86.ActiveCfg = Release|Any CPU
		{F6AEDEFB-AF5F-41E8-B274-A2A88C304C6B}.Release|x86.Build.0 = Release|Any CPU
		{2836BDF7-5F1A-4E35-8362-C1D5CE2C188D}.Debug|Any CPU.ActiveCfg = Debug|Any CPU
		{2836BDF7-5F1A-4E35-8362-C1D5CE2C188D}.Debug|Any CPU.Build.0 = Debug|Any CPU
		{2836BDF7-5F1A-4E35-8362-C1D5CE2C188D}.Debug|x86.ActiveCfg = Debug|Any CPU
		{2836BDF7-5F1A-4E35-8362-C1D5CE2C188D}.Debug|x86.Build.0 = Debug|Any CPU
		{2836BDF7-5F1A-4E35-8362-C1D5CE2C188D}.Release|Any CPU.ActiveCfg = Release|Any CPU
		{2836BDF7-5F1A-4E35-8362-C1D5CE2C188D}.Release|Any CPU.Build.0 = Release|Any CPU
		{2836BDF7-5F1A-4E35-8362-C1D5CE2C188D}.Release|x86.ActiveCfg = Release|Any CPU
		{2836BDF7-5F1A-4E35-8362-C1D5CE2C188D}.Release|x86.Build.0 = Release|Any CPU
		{1EED0993-016D-449F-A69A-13FA3914F509}.Debug|Any CPU.ActiveCfg = Debug|Any CPU
		{1EED0993-016D-449F-A69A-13FA3914F509}.Debug|Any CPU.Build.0 = Debug|Any CPU
		{1EED0993-016D-449F-A69A-13FA3914F509}.Debug|x86.ActiveCfg = Debug|Any CPU
		{1EED0993-016D-449F-A69A-13FA3914F509}.Debug|x86.Build.0 = Debug|Any CPU
		{1EED0993-016D-449F-A69A-13FA3914F509}.Release|Any CPU.ActiveCfg = Release|Any CPU
		{1EED0993-016D-449F-A69A-13FA3914F509}.Release|Any CPU.Build.0 = Release|Any CPU
		{1EED0993-016D-449F-A69A-13FA3914F509}.Release|x86.ActiveCfg = Release|Any CPU
		{1EED0993-016D-449F-A69A-13FA3914F509}.Release|x86.Build.0 = Release|Any CPU
		{51071B08-DDCE-402C-8B88-A6E1E00C5755}.Debug|Any CPU.ActiveCfg = Debug|Any CPU
		{51071B08-DDCE-402C-8B88-A6E1E00C5755}.Debug|Any CPU.Build.0 = Debug|Any CPU
		{51071B08-DDCE-402C-8B88-A6E1E00C5755}.Debug|x86.ActiveCfg = Debug|Any CPU
		{51071B08-DDCE-402C-8B88-A6E1E00C5755}.Debug|x86.Build.0 = Debug|Any CPU
		{51071B08-DDCE-402C-8B88-A6E1E00C5755}.Release|Any CPU.ActiveCfg = Release|Any CPU
		{51071B08-DDCE-402C-8B88-A6E1E00C5755}.Release|Any CPU.Build.0 = Release|Any CPU
		{51071B08-DDCE-402C-8B88-A6E1E00C5755}.Release|x86.ActiveCfg = Release|Any CPU
		{51071B08-DDCE-402C-8B88-A6E1E00C5755}.Release|x86.Build.0 = Release|Any CPU
		{DB828825-57FE-44DA-A6A0-B5EB09D186CE}.Debug|Any CPU.ActiveCfg = Debug|Any CPU
		{DB828825-57FE-44DA-A6A0-B5EB09D186CE}.Debug|Any CPU.Build.0 = Debug|Any CPU
		{DB828825-57FE-44DA-A6A0-B5EB09D186CE}.Debug|x86.ActiveCfg = Debug|Any CPU
		{DB828825-57FE-44DA-A6A0-B5EB09D186CE}.Debug|x86.Build.0 = Debug|Any CPU
		{DB828825-57FE-44DA-A6A0-B5EB09D186CE}.Release|Any CPU.ActiveCfg = Release|Any CPU
		{DB828825-57FE-44DA-A6A0-B5EB09D186CE}.Release|Any CPU.Build.0 = Release|Any CPU
		{DB828825-57FE-44DA-A6A0-B5EB09D186CE}.Release|x86.ActiveCfg = Release|Any CPU
		{DB828825-57FE-44DA-A6A0-B5EB09D186CE}.Release|x86.Build.0 = Release|Any CPU
		{532C173F-7C22-43F5-9534-CC7A19BBAEF6}.Debug|Any CPU.ActiveCfg = Debug|Any CPU
		{532C173F-7C22-43F5-9534-CC7A19BBAEF6}.Debug|Any CPU.Build.0 = Debug|Any CPU
		{532C173F-7C22-43F5-9534-CC7A19BBAEF6}.Debug|x86.ActiveCfg = Debug|Any CPU
		{532C173F-7C22-43F5-9534-CC7A19BBAEF6}.Debug|x86.Build.0 = Debug|Any CPU
		{532C173F-7C22-43F5-9534-CC7A19BBAEF6}.Release|Any CPU.ActiveCfg = Release|Any CPU
		{532C173F-7C22-43F5-9534-CC7A19BBAEF6}.Release|Any CPU.Build.0 = Release|Any CPU
		{532C173F-7C22-43F5-9534-CC7A19BBAEF6}.Release|x86.ActiveCfg = Release|Any CPU
		{532C173F-7C22-43F5-9534-CC7A19BBAEF6}.Release|x86.Build.0 = Release|Any CPU
		{A0AAE292-DCD4-48A6-98C6-B5AF6AA19293}.Debug|Any CPU.ActiveCfg = Debug|Any CPU
		{A0AAE292-DCD4-48A6-98C6-B5AF6AA19293}.Debug|Any CPU.Build.0 = Debug|Any CPU
		{A0AAE292-DCD4-48A6-98C6-B5AF6AA19293}.Debug|x86.ActiveCfg = Debug|Any CPU
		{A0AAE292-DCD4-48A6-98C6-B5AF6AA19293}.Debug|x86.Build.0 = Debug|Any CPU
		{A0AAE292-DCD4-48A6-98C6-B5AF6AA19293}.Release|Any CPU.ActiveCfg = Release|Any CPU
		{A0AAE292-DCD4-48A6-98C6-B5AF6AA19293}.Release|Any CPU.Build.0 = Release|Any CPU
		{A0AAE292-DCD4-48A6-98C6-B5AF6AA19293}.Release|x86.ActiveCfg = Release|Any CPU
		{A0AAE292-DCD4-48A6-98C6-B5AF6AA19293}.Release|x86.Build.0 = Release|Any CPU
		{B1DF311B-B1EF-447E-9545-F50ED95D2B83}.Debug|Any CPU.ActiveCfg = Debug|x86
		{B1DF311B-B1EF-447E-9545-F50ED95D2B83}.Debug|Any CPU.Build.0 = Debug|x86
		{B1DF311B-B1EF-447E-9545-F50ED95D2B83}.Debug|x86.ActiveCfg = Debug|x86
		{B1DF311B-B1EF-447E-9545-F50ED95D2B83}.Debug|x86.Build.0 = Debug|x86
		{B1DF311B-B1EF-447E-9545-F50ED95D2B83}.Release|Any CPU.ActiveCfg = Release|x86
		{B1DF311B-B1EF-447E-9545-F50ED95D2B83}.Release|Any CPU.Build.0 = Release|x86
		{B1DF311B-B1EF-447E-9545-F50ED95D2B83}.Release|x86.ActiveCfg = Release|x86
		{B1DF311B-B1EF-447E-9545-F50ED95D2B83}.Release|x86.Build.0 = Release|x86
		{071E7F94-2E47-490A-A02A-B3F9DCD77310}.Debug|Any CPU.ActiveCfg = Debug|Any CPU
		{071E7F94-2E47-490A-A02A-B3F9DCD77310}.Debug|Any CPU.Build.0 = Debug|Any CPU
		{071E7F94-2E47-490A-A02A-B3F9DCD77310}.Debug|x86.ActiveCfg = Debug|Any CPU
		{071E7F94-2E47-490A-A02A-B3F9DCD77310}.Debug|x86.Build.0 = Debug|Any CPU
		{071E7F94-2E47-490A-A02A-B3F9DCD77310}.Release|Any CPU.ActiveCfg = Release|Any CPU
		{071E7F94-2E47-490A-A02A-B3F9DCD77310}.Release|Any CPU.Build.0 = Release|Any CPU
		{071E7F94-2E47-490A-A02A-B3F9DCD77310}.Release|x86.ActiveCfg = Release|Any CPU
		{071E7F94-2E47-490A-A02A-B3F9DCD77310}.Release|x86.Build.0 = Release|Any CPU
		{73C377D2-0F1A-4052-8244-2846E3600363}.Debug|Any CPU.ActiveCfg = Debug|Any CPU
		{73C377D2-0F1A-4052-8244-2846E3600363}.Debug|Any CPU.Build.0 = Debug|Any CPU
		{73C377D2-0F1A-4052-8244-2846E3600363}.Debug|x86.ActiveCfg = Debug|Any CPU
		{73C377D2-0F1A-4052-8244-2846E3600363}.Debug|x86.Build.0 = Debug|Any CPU
		{73C377D2-0F1A-4052-8244-2846E3600363}.Release|Any CPU.ActiveCfg = Release|Any CPU
		{73C377D2-0F1A-4052-8244-2846E3600363}.Release|Any CPU.Build.0 = Release|Any CPU
		{73C377D2-0F1A-4052-8244-2846E3600363}.Release|x86.ActiveCfg = Release|Any CPU
		{73C377D2-0F1A-4052-8244-2846E3600363}.Release|x86.Build.0 = Release|Any CPU
		{C6C95519-79B6-40E6-A431-9883D7D4BD80}.Debug|Any CPU.ActiveCfg = Debug|Any CPU
		{C6C95519-79B6-40E6-A431-9883D7D4BD80}.Debug|Any CPU.Build.0 = Debug|Any CPU
		{C6C95519-79B6-40E6-A431-9883D7D4BD80}.Debug|x86.ActiveCfg = Debug|Any CPU
		{C6C95519-79B6-40E6-A431-9883D7D4BD80}.Debug|x86.Build.0 = Debug|Any CPU
		{C6C95519-79B6-40E6-A431-9883D7D4BD80}.Release|Any CPU.ActiveCfg = Release|Any CPU
		{C6C95519-79B6-40E6-A431-9883D7D4BD80}.Release|Any CPU.Build.0 = Release|Any CPU
		{C6C95519-79B6-40E6-A431-9883D7D4BD80}.Release|x86.ActiveCfg = Release|Any CPU
		{C6C95519-79B6-40E6-A431-9883D7D4BD80}.Release|x86.Build.0 = Release|Any CPU
		{A866C363-0225-41F7-92E1-6EA9B77A21E4}.Debug|Any CPU.ActiveCfg = Debug|Any CPU
		{A866C363-0225-41F7-92E1-6EA9B77A21E4}.Debug|Any CPU.Build.0 = Debug|Any CPU
		{A866C363-0225-41F7-92E1-6EA9B77A21E4}.Debug|x86.ActiveCfg = Debug|Any CPU
		{A866C363-0225-41F7-92E1-6EA9B77A21E4}.Debug|x86.Build.0 = Debug|Any CPU
		{A866C363-0225-41F7-92E1-6EA9B77A21E4}.Release|Any CPU.ActiveCfg = Release|Any CPU
		{A866C363-0225-41F7-92E1-6EA9B77A21E4}.Release|Any CPU.Build.0 = Release|Any CPU
		{A866C363-0225-41F7-92E1-6EA9B77A21E4}.Release|x86.ActiveCfg = Release|Any CPU
		{A866C363-0225-41F7-92E1-6EA9B77A21E4}.Release|x86.Build.0 = Release|Any CPU
		{105CCC16-E326-4099-B1BA-EF3AECEEAE6B}.Debug|Any CPU.ActiveCfg = Debug|Any CPU
		{105CCC16-E326-4099-B1BA-EF3AECEEAE6B}.Debug|Any CPU.Build.0 = Debug|Any CPU
		{105CCC16-E326-4099-B1BA-EF3AECEEAE6B}.Debug|x86.ActiveCfg = Debug|Any CPU
		{105CCC16-E326-4099-B1BA-EF3AECEEAE6B}.Debug|x86.Build.0 = Debug|Any CPU
		{105CCC16-E326-4099-B1BA-EF3AECEEAE6B}.Release|Any CPU.ActiveCfg = Release|Any CPU
		{105CCC16-E326-4099-B1BA-EF3AECEEAE6B}.Release|Any CPU.Build.0 = Release|Any CPU
		{105CCC16-E326-4099-B1BA-EF3AECEEAE6B}.Release|x86.ActiveCfg = Release|Any CPU
		{105CCC16-E326-4099-B1BA-EF3AECEEAE6B}.Release|x86.Build.0 = Release|Any CPU
		{8B1FF907-EB8C-4CC4-B990-208FA6FBCB7B}.Debug|Any CPU.ActiveCfg = Debug|Any CPU
		{8B1FF907-EB8C-4CC4-B990-208FA6FBCB7B}.Debug|Any CPU.Build.0 = Debug|Any CPU
		{8B1FF907-EB8C-4CC4-B990-208FA6FBCB7B}.Debug|x86.ActiveCfg = Debug|Any CPU
		{8B1FF907-EB8C-4CC4-B990-208FA6FBCB7B}.Debug|x86.Build.0 = Debug|Any CPU
		{8B1FF907-EB8C-4CC4-B990-208FA6FBCB7B}.Release|Any CPU.ActiveCfg = Release|Any CPU
		{8B1FF907-EB8C-4CC4-B990-208FA6FBCB7B}.Release|Any CPU.Build.0 = Release|Any CPU
		{8B1FF907-EB8C-4CC4-B990-208FA6FBCB7B}.Release|x86.ActiveCfg = Release|Any CPU
		{8B1FF907-EB8C-4CC4-B990-208FA6FBCB7B}.Release|x86.Build.0 = Release|Any CPU
		{1FF332A1-A3F2-453A-A70B-D19009EFEBBE}.Debug|Any CPU.ActiveCfg = Debug|Any CPU
		{1FF332A1-A3F2-453A-A70B-D19009EFEBBE}.Debug|Any CPU.Build.0 = Debug|Any CPU
		{1FF332A1-A3F2-453A-A70B-D19009EFEBBE}.Debug|x86.ActiveCfg = Debug|Any CPU
		{1FF332A1-A3F2-453A-A70B-D19009EFEBBE}.Debug|x86.Build.0 = Debug|Any CPU
		{1FF332A1-A3F2-453A-A70B-D19009EFEBBE}.Release|Any CPU.ActiveCfg = Release|Any CPU
		{1FF332A1-A3F2-453A-A70B-D19009EFEBBE}.Release|Any CPU.Build.0 = Release|Any CPU
		{1FF332A1-A3F2-453A-A70B-D19009EFEBBE}.Release|x86.ActiveCfg = Release|Any CPU
		{1FF332A1-A3F2-453A-A70B-D19009EFEBBE}.Release|x86.Build.0 = Release|Any CPU
	EndGlobalSection
	GlobalSection(SolutionProperties) = preSolution
		HideSolutionNode = FALSE
	EndGlobalSection
	GlobalSection(NestedProjects) = preSolution
		{532C173F-7C22-43F5-9534-CC7A19BBAEF6} = {934D1190-88E2-4A2B-BC3E-0F794B07B74A}
		{A0AAE292-DCD4-48A6-98C6-B5AF6AA19293} = {934D1190-88E2-4A2B-BC3E-0F794B07B74A}
		{B1DF311B-B1EF-447E-9545-F50ED95D2B83} = {934D1190-88E2-4A2B-BC3E-0F794B07B74A}
		{071E7F94-2E47-490A-A02A-B3F9DCD77310} = {934D1190-88E2-4A2B-BC3E-0F794B07B74A}
		{73C377D2-0F1A-4052-8244-2846E3600363} = {6EA23CD0-63C0-431E-9248-3E25C1B3CC22}
		{C6C95519-79B6-40E6-A431-9883D7D4BD80} = {6EA23CD0-63C0-431E-9248-3E25C1B3CC22}
		{A866C363-0225-41F7-92E1-6EA9B77A21E4} = {6EA23CD0-63C0-431E-9248-3E25C1B3CC22}
	EndGlobalSection
	GlobalSection(ExtensibilityGlobals) = postSolution
		SolutionGuid = {FE2A0763-317D-410F-8881-24B8454FE5F6}
	EndGlobalSection
EndGlobal
