
Microsoft Visual Studio Solution File, Format Version 12.00
# Visual Studio Version 16
VisualStudioVersion = 16.0.31112.23
MinimumVisualStudioVersion = 10.0.40219.1
Project("{2150E333-8FDC-42A3-9474-1A3956D46DE8}") = "Chapter12", "Chapter12", "{A633387F-F27A-41FF-8669-BD0CAF43E8DB}"
EndProject
Project("{2150E333-8FDC-42A3-9474-1A3956D46DE8}") = "Chapter13", "Chapter13", "{11D51A2C-E764-4C97-B79E-A86E6C450B25}"
EndProject
Project("{2150E333-8FDC-42A3-9474-1A3956D46DE8}") = "Chapter14", "Chapter14", "{70AB88CC-41EF-4A4D-933E-4B10F61D9FD3}"
EndProject
Project("{2150E333-8FDC-42A3-9474-1A3956D46DE8}") = "Chapter15", "Chapter15", "{16D8C3AB-8D83-47E2-96DD-89C4AA385023}"
EndProject
Project("{2150E333-8FDC-42A3-9474-1A3956D46DE8}") = "Chapter16", "Chapter16", "{DF3000A2-271D-4305-97FB-499C04B3F4CA}"
EndProject
Project("{FAE04EC0-301F-11D3-BF4B-00C04F79EFBC}") = "Drawing", "Chapter13\Drawing\Drawing.csproj", "{6D87EE85-FF18-4E50-92F1-7D2ACCEB4D6E}"
EndProject
Project("{FAE04EC0-301F-11D3-BF4B-00C04F79EFBC}") = "Drawing", "Chapter14\Drawing\Drawing.csproj", "{4B39E9EB-9BAC-4A1D-9FB1-CE5E22BBEF45}"
EndProject
Project("{2150E333-8FDC-42A3-9474-1A3956D46DE8}") = "Chapter02", "Chapter02", "{2184AE43-3E85-4DA9-B21B-1BE7C2209075}"
EndProject
Project("{2150E333-8FDC-42A3-9474-1A3956D46DE8}") = "Chapter03", "Chapter03", "{1D07DC08-9CCD-4F6E-89B1-24A954C38EC2}"
EndProject
Project("{2150E333-8FDC-42A3-9474-1A3956D46DE8}") = "Chapter05", "Chapter05", "{133F4930-A6F7-4E30-8407-D6B7DADB1405}"
EndProject
Project("{2150E333-8FDC-42A3-9474-1A3956D46DE8}") = "Chapter06", "Chapter06", "{C7825D2A-93EE-4FD7-9ED4-DF7C9296D224}"
EndProject
Project("{2150E333-8FDC-42A3-9474-1A3956D46DE8}") = "Chapter07", "Chapter07", "{38C7C269-6880-4960-B5A4-142C382272F7}"
EndProject
Project("{2150E333-8FDC-42A3-9474-1A3956D46DE8}") = "Chapter08", "Chapter08", "{A67A1E8B-DBC8-4019-940D-3D909BBAF1AA}"
EndProject
Project("{2150E333-8FDC-42A3-9474-1A3956D46DE8}") = "Chapter09", "Chapter09", "{A0209EE8-0A7D-435C-9624-B80BC31835F3}"
EndProject
Project("{2150E333-8FDC-42A3-9474-1A3956D46DE8}") = "Chapter10", "Chapter10", "{DDAE8CA7-6CCE-4B2C-8B0A-E257661F209E}"
EndProject
Project("{2150E333-8FDC-42A3-9474-1A3956D46DE8}") = "Chapter11", "Chapter11", "{9EC6EBE7-0C1B-4F8A-99B7-F68347B64FAA}"
EndProject
Project("{2150E333-8FDC-42A3-9474-1A3956D46DE8}") = "Chapter17", "Chapter17", "{8C169CC9-9B5F-430C-9A06-7EDD3929CB4D}"
EndProject
Project("{2150E333-8FDC-42A3-9474-1A3956D46DE8}") = "Chapter18", "Chapter18", "{1BAF027A-E40D-41AF-89A2-7A40455D8321}"
EndProject
Project("{2150E333-8FDC-42A3-9474-1A3956D46DE8}") = "Chapter19", "Chapter19", "{625F30B4-7A1C-45D8-A89F-C68A82AF903C}"
EndProject
Project("{2150E333-8FDC-42A3-9474-1A3956D46DE8}") = "Chapter20", "Chapter20", "{CD37C425-24B2-40CC-97CF-D2FE793D2C28}"
EndProject
Project("{2150E333-8FDC-42A3-9474-1A3956D46DE8}") = "Chapter21", "Chapter21", "{E221FFD0-F6C1-4785-A8A3-57EE72BFE8A1}"
EndProject
Project("{2150E333-8FDC-42A3-9474-1A3956D46DE8}") = "Chapter22", "Chapter22", "{F03C91ED-D8E0-4D86-B078-435DBD503B33}"
EndProject
Project("{2150E333-8FDC-42A3-9474-1A3956D46DE8}") = "Chapter23", "Chapter23", "{E035C77F-7C21-47FC-8673-585ABFE894CC}"
EndProject
Project("{2150E333-8FDC-42A3-9474-1A3956D46DE8}") = "Chapter24", "Chapter24", "{D29E1769-81C2-49B4-B0E1-E27EE76A1AB8}"
EndProject
Project("{2150E333-8FDC-42A3-9474-1A3956D46DE8}") = "Chapter25", "Chapter25", "{C7428834-F433-4C02-B8D6-25F40FBDA028}"
EndProject
Project("{2150E333-8FDC-42A3-9474-1A3956D46DE8}") = "Chapter26", "Chapter26", "{A7C3F4FD-8C4D-4636-8E8D-67C3DE74B743}"
EndProject
Project("{2150E333-8FDC-42A3-9474-1A3956D46DE8}") = "Chapter27", "Chapter27", "{676E36F7-671D-4D23-BF20-3530F0CE338C}"
EndProject
Project("{2150E333-8FDC-42A3-9474-1A3956D46DE8}") = "Chapter28", "Chapter28", "{E35F3DED-EDAF-46D0-B901-BE528F5BE85C}"
EndProject
Project("{2150E333-8FDC-42A3-9474-1A3956D46DE8}") = "Chapter29", "Chapter29", "{88FA3B84-A79C-4382-9062-72FCC7C6B82E}"
EndProject
Project("{2150E333-8FDC-42A3-9474-1A3956D46DE8}") = "Chapter30", "Chapter30", "{54BE17DA-33A7-4E24-A7D7-C2A0B91D1058}"
EndProject
Project("{2150E333-8FDC-42A3-9474-1A3956D46DE8}") = "Chapter31", "Chapter31", "{809F9151-5CAD-4E85-936A-374A59B4160E}"
EndProject
Project("{2150E333-8FDC-42A3-9474-1A3956D46DE8}") = "StoreDatabase", "StoreDatabase", "{F56F0FE4-B2E6-43EF-8E64-0CE55488D229}"
EndProject
Project("{2150E333-8FDC-42A3-9474-1A3956D46DE8}") = "StoreDatabaseDbBased", "StoreDatabaseDbBased", "{02EE34F8-69E2-4CC0-9A2C-3480A03A4E3C}"
EndProject
Project("{FAE04EC0-301F-11D3-BF4B-00C04F79EFBC}") = "EightBall", "Chapter02\EightBall\EightBall.csproj", "{7903E710-F81B-437A-98E2-46E2BED72EAD}"
EndProject
Project("{FAE04EC0-301F-11D3-BF4B-00C04F79EFBC}") = "NonCompiledXaml", "Chapter02\NonCompiledXaml\NonCompiledXaml.csproj", "{9629388D-3978-4D10-875D-56A93ED1836C}"
EndProject
Project("{FAE04EC0-301F-11D3-BF4B-00C04F79EFBC}") = "LayoutPanels", "Chapter03\LayoutPanels\LayoutPanels.csproj", "{9C2EE061-1D03-4EA5-BCB3-479EED3B2F22}"
EndProject
Project("{FAE04EC0-301F-11D3-BF4B-00C04F79EFBC}") = "Multitouch", "Chapter05\Multitouch\Multitouch.csproj", "{AB9A29AD-29A1-4467-B1AD-CEE1689504B0}"
EndProject
Project("{FAE04EC0-301F-11D3-BF4B-00C04F79EFBC}") = "RoutedEvents", "Chapter05\RoutedEvents\RoutedEvents.csproj", "{63C2196A-B88B-45C5-9F34-EF80E4176322}"
EndProject
Project("{FAE04EC0-301F-11D3-BF4B-00C04F79EFBC}") = "Controls", "Chapter06\Controls\Controls.csproj", "{B3EB0E11-A409-427E-A4C3-B0AFA9680CF0}"
EndProject
Project("{FAE04EC0-301F-11D3-BF4B-00C04F79EFBC}") = "AssemblyResources", "Chapter07\AssemblyResources\AssemblyResources.csproj", "{26D3EF39-A41A-439F-95B3-46BDFC49586C}"
EndProject
Project("{FAE04EC0-301F-11D3-BF4B-00C04F79EFBC}") = "LoadFromCommandLine", "Chapter07\LoadFromCommandLine\LoadFromCommandLine.csproj", "{CA755056-7435-4491-B8DF-D85597A15A9D}"
EndProject
Project("{FAE04EC0-301F-11D3-BF4B-00C04F79EFBC}") = "LocalizableApplication", "Chapter07\LocalizableApplication\LocalizableApplication.csproj", "{15964DC3-161B-440C-B588-D951839A71F8}"
EndProject
Project("{FAE04EC0-301F-11D3-BF4B-00C04F79EFBC}") = "PreventSessionEnd", "Chapter07\PreventSessionEnd\PreventSessionEnd.csproj", "{658FAC91-B2AF-4A41-A309-07B10ED3D60B}"
EndProject
Project("{FAE04EC0-301F-11D3-BF4B-00C04F79EFBC}") = "SingleInstanceApplication", "Chapter07\SingleInstanceApplication\SingleInstanceApplication.csproj", "{BCA9BF1E-5B92-454C-A1C7-D815EEFBB631}"
EndProject
Project("{FAE04EC0-301F-11D3-BF4B-00C04F79EFBC}") = "WindowTracker", "Chapter07\WindowTracker\WindowTracker.csproj", "{09A22892-F673-440A-8424-DCC220156F55}"
EndProject
Project("{FAE04EC0-301F-11D3-BF4B-00C04F79EFBC}") = "DataBinding", "Chapter08\DataBinding\DataBinding.csproj", "{5A23CBD0-ED5F-4838-81FA-F3E582EFAF98}"
EndProject
Project("{FAE04EC0-301F-11D3-BF4B-00C04F79EFBC}") = "Commands", "Chapter09\Commands\Commands.csproj", "{CEE8C1A6-52D5-4BF4-8BDE-8140101BB646}"
EndProject
Project("{FAE04EC0-301F-11D3-BF4B-00C04F79EFBC}") = "ResourceLibrary", "Chapter10\Resources\ResourceLibrary\ResourceLibrary.csproj", "{6703377C-C1F6-42C0-A6B6-F6A97B2976B8}"
EndProject
Project("{FAE04EC0-301F-11D3-BF4B-00C04F79EFBC}") = "Resources", "Chapter10\Resources\Resources\Resources.csproj", "{03868746-F630-49BA-998F-27B96A3F948A}"
EndProject
Project("{FAE04EC0-301F-11D3-BF4B-00C04F79EFBC}") = "BehaviorTest", "Chapter11\Behaviors\BehaviorTest\BehaviorTest.csproj", "{D5F711E5-FE20-488C-B325-BF04C44E6452}"
EndProject
Project("{FAE04EC0-301F-11D3-BF4B-00C04F79EFBC}") = "CustomBehaviorsLibrary", "Chapter11\Behaviors\CustomBehaviorsLibrary\CustomBehaviorsLibrary.csproj", "{4BE202ED-1039-4C7F-A09D-BA99B5786760}"
EndProject
Project("{FAE04EC0-301F-11D3-BF4B-00C04F79EFBC}") = "Styles", "Chapter11\Styles\Styles.csproj", "{969AC8AC-76B9-4F78-A4EA-99D408C8E480}"
EndProject
Project("{FAE04EC0-301F-11D3-BF4B-00C04F79EFBC}") = "ControlTemplateBrowser", "Chapter17\ControlTemplateBrowser\ControlTemplateBrowser.csproj", "{161C8926-39D7-4FE0-8F7F-801AF055C0E4}"
EndProject
Project("{FAE04EC0-301F-11D3-BF4B-00C04F79EFBC}") = "ControlTemplates", "Chapter17\ControlTemplates\ControlTemplates.csproj", "{17B6FD23-DEFB-454A-8ED2-9ECF791BBD25}"
EndProject
Project("{FAE04EC0-301F-11D3-BF4B-00C04F79EFBC}") = "SimpleWindow", "Chapter17\SimpleWindow\SimpleWindow.csproj", "{89EDB283-3CB3-4FD2-9324-E5C2CE838C86}"
EndProject
Project("{FAE04EC0-301F-11D3-BF4B-00C04F79EFBC}") = "CustomControls", "Chapter18\CustomControls\CustomControls.csproj", "{98A994BA-5A6D-4E1B-BDF4-C1662C99CB1A}"
EndProject
Project("{FAE04EC0-301F-11D3-BF4B-00C04F79EFBC}") = "CustomControlsClient", "Chapter18\CustomControlsClient\CustomControlsClient.csproj", "{6E16DE9C-E4CD-4E4F-9057-759880D82D19}"
EndProject
Project("{FAE04EC0-301F-11D3-BF4B-00C04F79EFBC}") = "DataBinding", "Chapter19\DataBinding\DataBinding.csproj", "{D72E6BAF-FA2F-4AD1-9A0A-AD886321801A}"
EndProject
Project("{FAE04EC0-301F-11D3-BF4B-00C04F79EFBC}") = "DataBinding", "Chapter20\DataBinding\DataBinding.csproj", "{F49F3ECF-F2C6-47DB-AF76-A0A501068131}"
EndProject
Project("{FAE04EC0-301F-11D3-BF4B-00C04F79EFBC}") = "DataBinding", "Chapter21\DataBinding\DataBinding.csproj", "{47E6D0CC-34F5-4F33-98E2-26A5F4990844}"
EndProject
Project("{FAE04EC0-301F-11D3-BF4B-00C04F79EFBC}") = "DataBinding", "Chapter22\DataBinding\DataBinding.csproj", "{015F5714-EA20-4EFD-8F05-C78502759834}"
EndProject
Project("{FAE04EC0-301F-11D3-BF4B-00C04F79EFBC}") = "JumpListApplicationTask", "Chapter23\JumpListApplicationTask\JumpListApplicationTask.csproj", "{4714A71A-6E8D-409A-BBCB-04BCF7BD72CA}"
EndProject
Project("{FAE04EC0-301F-11D3-BF4B-00C04F79EFBC}") = "Windows", "Chapter23\Windows\Windows.csproj", "{A8725987-C2C9-4688-98FC-F2E76123AED1}"
EndProject
Project("{FAE04EC0-301F-11D3-BF4B-00C04F79EFBC}") = "Windows7_TaskBar", "Chapter23\Windows7_TaskBar\Windows7_TaskBar.csproj", "{0E246785-6568-4195-874B-32AB03F3607B}"
EndProject
Project("{FAE04EC0-301F-11D3-BF4B-00C04F79EFBC}") = "NavigationApplication", "Chapter24\Navigation\NavigationApplication\NavigationApplication.csproj", "{4DCC1CD5-AF95-4AB1-9FB2-3524B3E4BBBC}"
EndProject
Project("{FAE04EC0-301F-11D3-BF4B-00C04F79EFBC}") = "PageLibrary", "Chapter24\Navigation\PageLibrary\PageLibrary.csproj", "{6D842AD2-F23F-4533-BC9D-49DF80E75E8E}"
EndProject
Project("{FAE04EC0-301F-11D3-BF4B-00C04F79EFBC}") = "WebBrowserTest", "Chapter24\WebBrowserTest\WebBrowserTest.csproj", "{D20BCEFC-2BD5-4ACE-BE05-2F6088D2A264}"
EndProject
Project("{FAE04EC0-301F-11D3-BF4B-00C04F79EFBC}") = "WindowPageHost", "Chapter24\WindowPageHost\WindowPageHost.csproj", "{C0E86DC3-0BE8-497D-8A32-E5BC2389BCB8}"
EndProject
Project("{FAE04EC0-301F-11D3-BF4B-00C04F79EFBC}") = "XBAP", "Chapter24\XBAP\XBAP.csproj", "{813C38EF-95DD-414E-A1E0-61D09E034650}"
EndProject
Project("{FAE04EC0-301F-11D3-BF4B-00C04F79EFBC}") = "MenusAndToolbars", "Chapter25\MenusAndToolbars\MenusAndToolbars.csproj", "{9278F719-9210-40CA-8D2D-D28872A92FE8}"
EndProject
Project("{FAE04EC0-301F-11D3-BF4B-00C04F79EFBC}") = "SoundAndVideo", "Chapter26\SoundAndVideo\SoundAndVideo.csproj", "{835D6DCC-08FC-441D-A136-FA1017775E15}"
EndProject
Project("{FAE04EC0-301F-11D3-BF4B-00C04F79EFBC}") = "3DTools", "Chapter27\3DTools\3DTools.csproj", "{5F603892-DE40-4246-A969-1C6717AFE35D}"
EndProject
Project("{FAE04EC0-301F-11D3-BF4B-00C04F79EFBC}") = "DrawingIn3D", "Chapter27\DrawingIn3D\DrawingIn3D.csproj", "{04D6008F-30A9-4FC0-8749-ED1144AD9A1C}"
EndProject
Project("{FAE04EC0-301F-11D3-BF4B-00C04F79EFBC}") = "Documents", "Chapter28\Documents\Documents.csproj", "{024C8613-0C05-4A53-ACDC-F0EAFB866969}"
EndProject
Project("{FAE04EC0-301F-11D3-BF4B-00C04F79EFBC}") = "Printing", "Chapter29\Printing\Printing.csproj", "{5540B509-3802-4043-803A-7D83592B98C0}"
EndProject
Project("{FAE04EC0-301F-11D3-BF4B-00C04F79EFBC}") = "InteroperabilityWindowsForms", "Chapter30\InteroperabilityWindowsForms\InteroperabilityWindowsForms\InteroperabilityWindowsForms.csproj", "{A558D9F2-0595-4C61-AB9A-2A62C4E425C8}"
EndProject
Project("{FAE04EC0-301F-11D3-BF4B-00C04F79EFBC}") = "WPFWindowLibrary", "Chapter30\InteroperabilityWindowsForms\WPFWindowLibrary\WPFWindowLibrary.csproj", "{2B1F971A-0D70-4202-9EC1-E3C3A8B995BA}"
EndProject
Project("{FAE04EC0-301F-11D3-BF4B-00C04F79EFBC}") = "InteroperabilityWPF", "Chapter30\InteroperabilityWPF\InteroperabilityWPF.csproj", "{D52213C5-CD74-4ECE-B715-5681A40905C8}"
EndProject
Project("{FAE04EC0-301F-11D3-BF4B-00C04F79EFBC}") = "NotifyIconTest", "Chapter30\NotifyIconTest\NotifyIconTest.csproj", "{D280914F-8166-4EC8-BB26-802E020001C0}"
EndProject
Project("{FAE04EC0-301F-11D3-BF4B-00C04F79EFBC}") = "Multithreading", "Chapter31\Multithreading\Multithreading.csproj", "{B32E4678-A5F4-40FB-A4D9-E77ED7AEB2B1}"
EndProject
Project("{FAE04EC0-301F-11D3-BF4B-00C04F79EFBC}") = "StoreDatabase", "StoreDatabase\StoreDatabase.csproj", "{E0BEF018-8722-4B11-ACBA-5C6C5E7102D6}"
EndProject
Project("{FAE04EC0-301F-11D3-BF4B-00C04F79EFBC}") = "StoreDatabase", "StoreDatabaseDbBased\StoreDatabase.csproj", "{76C44C88-2F95-485E-AB74-D15C8ED10010}"
EndProject
Project("{9A19103F-16F7-4668-BE54-9A1E7A4F7556}") = "Animation", "Chapter15\Animation\Animation.csproj", "{1386D9FF-A5CC-42E4-BE03-857226E03D78}"
EndProject
Project("{9A19103F-16F7-4668-BE54-9A1E7A4F7556}") = "Animation", "Chapter16\Animation\Animation.csproj", "{EFCD7BE0-2C69-416E-A5B2-F815AFEDFC45}"
EndProject
Project("{9A19103F-16F7-4668-BE54-9A1E7A4F7556}") = "BombDropper", "Chapter16\BombDropper\BombDropper.csproj", "{A1042B0F-7B14-4369-9560-DF6ABAA84C5F}"
EndProject
Project("{9A19103F-16F7-4668-BE54-9A1E7A4F7556}") = "CompositionTargetRenderingAnimations", "Chapter16\FrameBased\CompositionTargetRenderingAnimations.csproj", "{78FAE864-3F84-404B-AFCF-01F605A1EB43}"
EndProject
Project("{9A19103F-16F7-4668-BE54-9A1E7A4F7556}") = "Drawing", "Chapter12\Drawing\Drawing.csproj", "{FE3F8221-6094-4B0D-99A8-ABCA40B09025}"
EndProject
Global
	GlobalSection(SolutionConfigurationPlatforms) = preSolution
		Debug|Any CPU = Debug|Any CPU
		Debug|x86 = Debug|x86
		Release|Any CPU = Release|Any CPU
		Release|x86 = Release|x86
	EndGlobalSection
	GlobalSection(ProjectConfigurationPlatforms) = postSolution
		{6D87EE85-FF18-4E50-92F1-7D2ACCEB4D6E}.Debug|Any CPU.ActiveCfg = Debug|Any CPU
		{6D87EE85-FF18-4E50-92F1-7D2ACCEB4D6E}.Debug|Any CPU.Build.0 = Debug|Any CPU
		{6D87EE85-FF18-4E50-92F1-7D2ACCEB4D6E}.Debug|x86.ActiveCfg = Debug|Any CPU
		{6D87EE85-FF18-4E50-92F1-7D2ACCEB4D6E}.Debug|x86.Build.0 = Debug|Any CPU
		{6D87EE85-FF18-4E50-92F1-7D2ACCEB4D6E}.Release|Any CPU.ActiveCfg = Release|Any CPU
		{6D87EE85-FF18-4E50-92F1-7D2ACCEB4D6E}.Release|Any CPU.Build.0 = Release|Any CPU
		{6D87EE85-FF18-4E50-92F1-7D2ACCEB4D6E}.Release|x86.ActiveCfg = Release|Any CPU
		{6D87EE85-FF18-4E50-92F1-7D2ACCEB4D6E}.Release|x86.Build.0 = Release|Any CPU
		{4B39E9EB-9BAC-4A1D-9FB1-CE5E22BBEF45}.Debug|Any CPU.ActiveCfg = Debug|Any CPU
		{4B39E9EB-9BAC-4A1D-9FB1-CE5E22BBEF45}.Debug|Any CPU.Build.0 = Debug|Any CPU
		{4B39E9EB-9BAC-4A1D-9FB1-CE5E22BBEF45}.Debug|x86.ActiveCfg = Debug|Any CPU
		{4B39E9EB-9BAC-4A1D-9FB1-CE5E22BBEF45}.Debug|x86.Build.0 = Debug|Any CPU
		{4B39E9EB-9BAC-4A1D-9FB1-CE5E22BBEF45}.Release|Any CPU.ActiveCfg = Release|Any CPU
		{4B39E9EB-9BAC-4A1D-9FB1-CE5E22BBEF45}.Release|Any CPU.Build.0 = Release|Any CPU
		{4B39E9EB-9BAC-4A1D-9FB1-CE5E22BBEF45}.Release|x86.ActiveCfg = Release|Any CPU
		{4B39E9EB-9BAC-4A1D-9FB1-CE5E22BBEF45}.Release|x86.Build.0 = Release|Any CPU
		{7903E710-F81B-437A-98E2-46E2BED72EAD}.Debug|Any CPU.ActiveCfg = Debug|Any CPU
		{7903E710-F81B-437A-98E2-46E2BED72EAD}.Debug|Any CPU.Build.0 = Debug|Any CPU
		{7903E710-F81B-437A-98E2-46E2BED72EAD}.Debug|x86.ActiveCfg = Debug|Any CPU
		{7903E710-F81B-437A-98E2-46E2BED72EAD}.Debug|x86.Build.0 = Debug|Any CPU
		{7903E710-F81B-437A-98E2-46E2BED72EAD}.Release|Any CPU.ActiveCfg = Release|Any CPU
		{7903E710-F81B-437A-98E2-46E2BED72EAD}.Release|Any CPU.Build.0 = Release|Any CPU
		{7903E710-F81B-437A-98E2-46E2BED72EAD}.Release|x86.ActiveCfg = Release|Any CPU
		{7903E710-F81B-437A-98E2-46E2BED72EAD}.Release|x86.Build.0 = Release|Any CPU
		{9629388D-3978-4D10-875D-56A93ED1836C}.Debug|Any CPU.ActiveCfg = Debug|Any CPU
		{9629388D-3978-4D10-875D-56A93ED1836C}.Debug|Any CPU.Build.0 = Debug|Any CPU
		{9629388D-3978-4D10-875D-56A93ED1836C}.Debug|x86.ActiveCfg = Debug|Any CPU
		{9629388D-3978-4D10-875D-56A93ED1836C}.Debug|x86.Build.0 = Debug|Any CPU
		{9629388D-3978-4D10-875D-56A93ED1836C}.Release|Any CPU.ActiveCfg = Release|Any CPU
		{9629388D-3978-4D10-875D-56A93ED1836C}.Release|Any CPU.Build.0 = Release|Any CPU
		{9629388D-3978-4D10-875D-56A93ED1836C}.Release|x86.ActiveCfg = Release|Any CPU
		{9629388D-3978-4D10-875D-56A93ED1836C}.Release|x86.Build.0 = Release|Any CPU
		{9C2EE061-1D03-4EA5-BCB3-479EED3B2F22}.Debug|Any CPU.ActiveCfg = Debug|Any CPU
		{9C2EE061-1D03-4EA5-BCB3-479EED3B2F22}.Debug|Any CPU.Build.0 = Debug|Any CPU
		{9C2EE061-1D03-4EA5-BCB3-479EED3B2F22}.Debug|x86.ActiveCfg = Debug|Any CPU
		{9C2EE061-1D03-4EA5-BCB3-479EED3B2F22}.Debug|x86.Build.0 = Debug|Any CPU
		{9C2EE061-1D03-4EA5-BCB3-479EED3B2F22}.Release|Any CPU.ActiveCfg = Release|Any CPU
		{9C2EE061-1D03-4EA5-BCB3-479EED3B2F22}.Release|Any CPU.Build.0 = Release|Any CPU
		{9C2EE061-1D03-4EA5-BCB3-479EED3B2F22}.Release|x86.ActiveCfg = Release|Any CPU
		{9C2EE061-1D03-4EA5-BCB3-479EED3B2F22}.Release|x86.Build.0 = Release|Any CPU
		{AB9A29AD-29A1-4467-B1AD-CEE1689504B0}.Debug|Any CPU.ActiveCfg = Debug|x86
		{AB9A29AD-29A1-4467-B1AD-CEE1689504B0}.Debug|x86.ActiveCfg = Debug|x86
		{AB9A29AD-29A1-4467-B1AD-CEE1689504B0}.Debug|x86.Build.0 = Debug|x86
		{AB9A29AD-29A1-4467-B1AD-CEE1689504B0}.Release|Any CPU.ActiveCfg = Release|x86
		{AB9A29AD-29A1-4467-B1AD-CEE1689504B0}.Release|x86.ActiveCfg = Release|x86
		{AB9A29AD-29A1-4467-B1AD-CEE1689504B0}.Release|x86.Build.0 = Release|x86
		{63C2196A-B88B-45C5-9F34-EF80E4176322}.Debug|Any CPU.ActiveCfg = Debug|Any CPU
		{63C2196A-B88B-45C5-9F34-EF80E4176322}.Debug|Any CPU.Build.0 = Debug|Any CPU
		{63C2196A-B88B-45C5-9F34-EF80E4176322}.Debug|x86.ActiveCfg = Debug|Any CPU
		{63C2196A-B88B-45C5-9F34-EF80E4176322}.Debug|x86.Build.0 = Debug|Any CPU
		{63C2196A-B88B-45C5-9F34-EF80E4176322}.Release|Any CPU.ActiveCfg = Release|Any CPU
		{63C2196A-B88B-45C5-9F34-EF80E4176322}.Release|Any CPU.Build.0 = Release|Any CPU
		{63C2196A-B88B-45C5-9F34-EF80E4176322}.Release|x86.ActiveCfg = Release|Any CPU
		{63C2196A-B88B-45C5-9F34-EF80E4176322}.Release|x86.Build.0 = Release|Any CPU
		{B3EB0E11-A409-427E-A4C3-B0AFA9680CF0}.Debug|Any CPU.ActiveCfg = Debug|Any CPU
		{B3EB0E11-A409-427E-A4C3-B0AFA9680CF0}.Debug|Any CPU.Build.0 = Debug|Any CPU
		{B3EB0E11-A409-427E-A4C3-B0AFA9680CF0}.Debug|x86.ActiveCfg = Debug|Any CPU
		{B3EB0E11-A409-427E-A4C3-B0AFA9680CF0}.Debug|x86.Build.0 = Debug|Any CPU
		{B3EB0E11-A409-427E-A4C3-B0AFA9680CF0}.Release|Any CPU.ActiveCfg = Release|Any CPU
		{B3EB0E11-A409-427E-A4C3-B0AFA9680CF0}.Release|Any CPU.Build.0 = Release|Any CPU
		{B3EB0E11-A409-427E-A4C3-B0AFA9680CF0}.Release|x86.ActiveCfg = Release|Any CPU
		{B3EB0E11-A409-427E-A4C3-B0AFA9680CF0}.Release|x86.Build.0 = Release|Any CPU
		{26D3EF39-A41A-439F-95B3-46BDFC49586C}.Debug|Any CPU.ActiveCfg = Debug|Any CPU
		{26D3EF39-A41A-439F-95B3-46BDFC49586C}.Debug|Any CPU.Build.0 = Debug|Any CPU
		{26D3EF39-A41A-439F-95B3-46BDFC49586C}.Debug|x86.ActiveCfg = Debug|Any CPU
		{26D3EF39-A41A-439F-95B3-46BDFC49586C}.Debug|x86.Build.0 = Debug|Any CPU
		{26D3EF39-A41A-439F-95B3-46BDFC49586C}.Release|Any CPU.ActiveCfg = Release|Any CPU
		{26D3EF39-A41A-439F-95B3-46BDFC49586C}.Release|Any CPU.Build.0 = Release|Any CPU
		{26D3EF39-A41A-439F-95B3-46BDFC49586C}.Release|x86.ActiveCfg = Release|Any CPU
		{26D3EF39-A41A-439F-95B3-46BDFC49586C}.Release|x86.Build.0 = Release|Any CPU
		{CA755056-7435-4491-B8DF-D85597A15A9D}.Debug|Any CPU.ActiveCfg = Debug|Any CPU
		{CA755056-7435-4491-B8DF-D85597A15A9D}.Debug|Any CPU.Build.0 = Debug|Any CPU
		{CA755056-7435-4491-B8DF-D85597A15A9D}.Debug|x86.ActiveCfg = Debug|Any CPU
		{CA755056-7435-4491-B8DF-D85597A15A9D}.Debug|x86.Build.0 = Debug|Any CPU
		{CA755056-7435-4491-B8DF-D85597A15A9D}.Release|Any CPU.ActiveCfg = Release|Any CPU
		{CA755056-7435-4491-B8DF-D85597A15A9D}.Release|Any CPU.Build.0 = Release|Any CPU
		{CA755056-7435-4491-B8DF-D85597A15A9D}.Release|x86.ActiveCfg = Release|Any CPU
		{CA755056-7435-4491-B8DF-D85597A15A9D}.Release|x86.Build.0 = Release|Any CPU
		{15964DC3-161B-440C-B588-D951839A71F8}.Debug|Any CPU.ActiveCfg = Debug|Any CPU
		{15964DC3-161B-440C-B588-D951839A71F8}.Debug|Any CPU.Build.0 = Debug|Any CPU
		{15964DC3-161B-440C-B588-D951839A71F8}.Debug|x86.ActiveCfg = Debug|Any CPU
		{15964DC3-161B-440C-B588-D951839A71F8}.Debug|x86.Build.0 = Debug|Any CPU
		{15964DC3-161B-440C-B588-D951839A71F8}.Release|Any CPU.ActiveCfg = Release|Any CPU
		{15964DC3-161B-440C-B588-D951839A71F8}.Release|Any CPU.Build.0 = Release|Any CPU
		{15964DC3-161B-440C-B588-D951839A71F8}.Release|x86.ActiveCfg = Release|Any CPU
		{15964DC3-161B-440C-B588-D951839A71F8}.Release|x86.Build.0 = Release|Any CPU
		{658FAC91-B2AF-4A41-A309-07B10ED3D60B}.Debug|Any CPU.ActiveCfg = Debug|Any CPU
		{658FAC91-B2AF-4A41-A309-07B10ED3D60B}.Debug|Any CPU.Build.0 = Debug|Any CPU
		{658FAC91-B2AF-4A41-A309-07B10ED3D60B}.Debug|x86.ActiveCfg = Debug|Any CPU
		{658FAC91-B2AF-4A41-A309-07B10ED3D60B}.Debug|x86.Build.0 = Debug|Any CPU
		{658FAC91-B2AF-4A41-A309-07B10ED3D60B}.Release|Any CPU.ActiveCfg = Release|Any CPU
		{658FAC91-B2AF-4A41-A309-07B10ED3D60B}.Release|Any CPU.Build.0 = Release|Any CPU
		{658FAC91-B2AF-4A41-A309-07B10ED3D60B}.Release|x86.ActiveCfg = Release|Any CPU
		{658FAC91-B2AF-4A41-A309-07B10ED3D60B}.Release|x86.Build.0 = Release|Any CPU
		{BCA9BF1E-5B92-454C-A1C7-D815EEFBB631}.Debug|Any CPU.ActiveCfg = Debug|Any CPU
		{BCA9BF1E-5B92-454C-A1C7-D815EEFBB631}.Debug|Any CPU.Build.0 = Debug|Any CPU
		{BCA9BF1E-5B92-454C-A1C7-D815EEFBB631}.Debug|x86.ActiveCfg = Debug|Any CPU
		{BCA9BF1E-5B92-454C-A1C7-D815EEFBB631}.Debug|x86.Build.0 = Debug|Any CPU
		{BCA9BF1E-5B92-454C-A1C7-D815EEFBB631}.Release|Any CPU.ActiveCfg = Release|Any CPU
		{BCA9BF1E-5B92-454C-A1C7-D815EEFBB631}.Release|Any CPU.Build.0 = Release|Any CPU
		{BCA9BF1E-5B92-454C-A1C7-D815EEFBB631}.Release|x86.ActiveCfg = Release|Any CPU
		{BCA9BF1E-5B92-454C-A1C7-D815EEFBB631}.Release|x86.Build.0 = Release|Any CPU
		{09A22892-F673-440A-8424-DCC220156F55}.Debug|Any CPU.ActiveCfg = Debug|Any CPU
		{09A22892-F673-440A-8424-DCC220156F55}.Debug|Any CPU.Build.0 = Debug|Any CPU
		{09A22892-F673-440A-8424-DCC220156F55}.Debug|x86.ActiveCfg = Debug|Any CPU
		{09A22892-F673-440A-8424-DCC220156F55}.Debug|x86.Build.0 = Debug|Any CPU
		{09A22892-F673-440A-8424-DCC220156F55}.Release|Any CPU.ActiveCfg = Release|Any CPU
		{09A22892-F673-440A-8424-DCC220156F55}.Release|Any CPU.Build.0 = Release|Any CPU
		{09A22892-F673-440A-8424-DCC220156F55}.Release|x86.ActiveCfg = Release|Any CPU
		{09A22892-F673-440A-8424-DCC220156F55}.Release|x86.Build.0 = Release|Any CPU
		{5A23CBD0-ED5F-4838-81FA-F3E582EFAF98}.Debug|Any CPU.ActiveCfg = Debug|Any CPU
		{5A23CBD0-ED5F-4838-81FA-F3E582EFAF98}.Debug|Any CPU.Build.0 = Debug|Any CPU
		{5A23CBD0-ED5F-4838-81FA-F3E582EFAF98}.Debug|x86.ActiveCfg = Debug|Any CPU
		{5A23CBD0-ED5F-4838-81FA-F3E582EFAF98}.Debug|x86.Build.0 = Debug|Any CPU
		{5A23CBD0-ED5F-4838-81FA-F3E582EFAF98}.Release|Any CPU.ActiveCfg = Release|Any CPU
		{5A23CBD0-ED5F-4838-81FA-F3E582EFAF98}.Release|Any CPU.Build.0 = Release|Any CPU
		{5A23CBD0-ED5F-4838-81FA-F3E582EFAF98}.Release|x86.ActiveCfg = Release|Any CPU
		{5A23CBD0-ED5F-4838-81FA-F3E582EFAF98}.Release|x86.Build.0 = Release|Any CPU
		{CEE8C1A6-52D5-4BF4-8BDE-8140101BB646}.Debug|Any CPU.ActiveCfg = Debug|Any CPU
		{CEE8C1A6-52D5-4BF4-8BDE-8140101BB646}.Debug|Any CPU.Build.0 = Debug|Any CPU
		{CEE8C1A6-52D5-4BF4-8BDE-8140101BB646}.Debug|x86.ActiveCfg = Debug|Any CPU
		{CEE8C1A6-52D5-4BF4-8BDE-8140101BB646}.Debug|x86.Build.0 = Debug|Any CPU
		{CEE8C1A6-52D5-4BF4-8BDE-8140101BB646}.Release|Any CPU.ActiveCfg = Release|Any CPU
		{CEE8C1A6-52D5-4BF4-8BDE-8140101BB646}.Release|Any CPU.Build.0 = Release|Any CPU
		{CEE8C1A6-52D5-4BF4-8BDE-8140101BB646}.Release|x86.ActiveCfg = Release|Any CPU
		{CEE8C1A6-52D5-4BF4-8BDE-8140101BB646}.Release|x86.Build.0 = Release|Any CPU
		{6703377C-C1F6-42C0-A6B6-F6A97B2976B8}.Debug|Any CPU.ActiveCfg = Debug|Any CPU
		{6703377C-C1F6-42C0-A6B6-F6A97B2976B8}.Debug|Any CPU.Build.0 = Debug|Any CPU
		{6703377C-C1F6-42C0-A6B6-F6A97B2976B8}.Debug|x86.ActiveCfg = Debug|Any CPU
		{6703377C-C1F6-42C0-A6B6-F6A97B2976B8}.Debug|x86.Build.0 = Debug|Any CPU
		{6703377C-C1F6-42C0-A6B6-F6A97B2976B8}.Release|Any CPU.ActiveCfg = Release|Any CPU
		{6703377C-C1F6-42C0-A6B6-F6A97B2976B8}.Release|Any CPU.Build.0 = Release|Any CPU
		{6703377C-C1F6-42C0-A6B6-F6A97B2976B8}.Release|x86.ActiveCfg = Release|Any CPU
		{6703377C-C1F6-42C0-A6B6-F6A97B2976B8}.Release|x86.Build.0 = Release|Any CPU
		{03868746-F630-49BA-998F-27B96A3F948A}.Debug|Any CPU.ActiveCfg = Debug|Any CPU
		{03868746-F630-49BA-998F-27B96A3F948A}.Debug|Any CPU.Build.0 = Debug|Any CPU
		{03868746-F630-49BA-998F-27B96A3F948A}.Debug|x86.ActiveCfg = Debug|Any CPU
		{03868746-F630-49BA-998F-27B96A3F948A}.Debug|x86.Build.0 = Debug|Any CPU
		{03868746-F630-49BA-998F-27B96A3F948A}.Release|Any CPU.ActiveCfg = Release|Any CPU
		{03868746-F630-49BA-998F-27B96A3F948A}.Release|Any CPU.Build.0 = Release|Any CPU
		{03868746-F630-49BA-998F-27B96A3F948A}.Release|x86.ActiveCfg = Release|Any CPU
		{03868746-F630-49BA-998F-27B96A3F948A}.Release|x86.Build.0 = Release|Any CPU
		{D5F711E5-FE20-488C-B325-BF04C44E6452}.Debug|Any CPU.ActiveCfg = Debug|x86
		{D5F711E5-FE20-488C-B325-BF04C44E6452}.Debug|x86.ActiveCfg = Debug|x86
		{D5F711E5-FE20-488C-B325-BF04C44E6452}.Debug|x86.Build.0 = Debug|x86
		{D5F711E5-FE20-488C-B325-BF04C44E6452}.Release|Any CPU.ActiveCfg = Release|x86
		{D5F711E5-FE20-488C-B325-BF04C44E6452}.Release|x86.ActiveCfg = Release|x86
		{D5F711E5-FE20-488C-B325-BF04C44E6452}.Release|x86.Build.0 = Release|x86
		{4BE202ED-1039-4C7F-A09D-BA99B5786760}.Debug|Any CPU.ActiveCfg = Debug|Any CPU
		{4BE202ED-1039-4C7F-A09D-BA99B5786760}.Debug|Any CPU.Build.0 = Debug|Any CPU
		{4BE202ED-1039-4C7F-A09D-BA99B5786760}.Debug|x86.ActiveCfg = Debug|Any CPU
		{4BE202ED-1039-4C7F-A09D-BA99B5786760}.Debug|x86.Build.0 = Debug|Any CPU
		{4BE202ED-1039-4C7F-A09D-BA99B5786760}.Release|Any CPU.ActiveCfg = Release|Any CPU
		{4BE202ED-1039-4C7F-A09D-BA99B5786760}.Release|Any CPU.Build.0 = Release|Any CPU
		{4BE202ED-1039-4C7F-A09D-BA99B5786760}.Release|x86.ActiveCfg = Release|Any CPU
		{4BE202ED-1039-4C7F-A09D-BA99B5786760}.Release|x86.Build.0 = Release|Any CPU
		{969AC8AC-76B9-4F78-A4EA-99D408C8E480}.Debug|Any CPU.ActiveCfg = Debug|Any CPU
		{969AC8AC-76B9-4F78-A4EA-99D408C8E480}.Debug|Any CPU.Build.0 = Debug|Any CPU
		{969AC8AC-76B9-4F78-A4EA-99D408C8E480}.Debug|x86.ActiveCfg = Debug|Any CPU
		{969AC8AC-76B9-4F78-A4EA-99D408C8E480}.Debug|x86.Build.0 = Debug|Any CPU
		{969AC8AC-76B9-4F78-A4EA-99D408C8E480}.Release|Any CPU.ActiveCfg = Release|Any CPU
		{969AC8AC-76B9-4F78-A4EA-99D408C8E480}.Release|Any CPU.Build.0 = Release|Any CPU
		{969AC8AC-76B9-4F78-A4EA-99D408C8E480}.Release|x86.ActiveCfg = Release|Any CPU
		{969AC8AC-76B9-4F78-A4EA-99D408C8E480}.Release|x86.Build.0 = Release|Any CPU
		{161C8926-39D7-4FE0-8F7F-801AF055C0E4}.Debug|Any CPU.ActiveCfg = Debug|Any CPU
		{161C8926-39D7-4FE0-8F7F-801AF055C0E4}.Debug|Any CPU.Build.0 = Debug|Any CPU
		{161C8926-39D7-4FE0-8F7F-801AF055C0E4}.Debug|x86.ActiveCfg = Debug|Any CPU
		{161C8926-39D7-4FE0-8F7F-801AF055C0E4}.Debug|x86.Build.0 = Debug|Any CPU
		{161C8926-39D7-4FE0-8F7F-801AF055C0E4}.Release|Any CPU.ActiveCfg = Release|Any CPU
		{161C8926-39D7-4FE0-8F7F-801AF055C0E4}.Release|Any CPU.Build.0 = Release|Any CPU
		{161C8926-39D7-4FE0-8F7F-801AF055C0E4}.Release|x86.ActiveCfg = Release|Any CPU
		{161C8926-39D7-4FE0-8F7F-801AF055C0E4}.Release|x86.Build.0 = Release|Any CPU
		{17B6FD23-DEFB-454A-8ED2-9ECF791BBD25}.Debug|Any CPU.ActiveCfg = Debug|Any CPU
		{17B6FD23-DEFB-454A-8ED2-9ECF791BBD25}.Debug|Any CPU.Build.0 = Debug|Any CPU
		{17B6FD23-DEFB-454A-8ED2-9ECF791BBD25}.Debug|x86.ActiveCfg = Debug|Any CPU
		{17B6FD23-DEFB-454A-8ED2-9ECF791BBD25}.Debug|x86.Build.0 = Debug|Any CPU
		{17B6FD23-DEFB-454A-8ED2-9ECF791BBD25}.Release|Any CPU.ActiveCfg = Release|Any CPU
		{17B6FD23-DEFB-454A-8ED2-9ECF791BBD25}.Release|Any CPU.Build.0 = Release|Any CPU
		{17B6FD23-DEFB-454A-8ED2-9ECF791BBD25}.Release|x86.ActiveCfg = Release|Any CPU
		{17B6FD23-DEFB-454A-8ED2-9ECF791BBD25}.Release|x86.Build.0 = Release|Any CPU
		{89EDB283-3CB3-4FD2-9324-E5C2CE838C86}.Debug|Any CPU.ActiveCfg = Debug|Any CPU
		{89EDB283-3CB3-4FD2-9324-E5C2CE838C86}.Debug|Any CPU.Build.0 = Debug|Any CPU
		{89EDB283-3CB3-4FD2-9324-E5C2CE838C86}.Debug|x86.ActiveCfg = Debug|Any CPU
		{89EDB283-3CB3-4FD2-9324-E5C2CE838C86}.Debug|x86.Build.0 = Debug|Any CPU
		{89EDB283-3CB3-4FD2-9324-E5C2CE838C86}.Release|Any CPU.ActiveCfg = Release|Any CPU
		{89EDB283-3CB3-4FD2-9324-E5C2CE838C86}.Release|Any CPU.Build.0 = Release|Any CPU
		{89EDB283-3CB3-4FD2-9324-E5C2CE838C86}.Release|x86.ActiveCfg = Release|Any CPU
		{89EDB283-3CB3-4FD2-9324-E5C2CE838C86}.Release|x86.Build.0 = Release|Any CPU
		{98A994BA-5A6D-4E1B-BDF4-C1662C99CB1A}.Debug|Any CPU.ActiveCfg = Debug|Any CPU
		{98A994BA-5A6D-4E1B-BDF4-C1662C99CB1A}.Debug|Any CPU.Build.0 = Debug|Any CPU
		{98A994BA-5A6D-4E1B-BDF4-C1662C99CB1A}.Debug|x86.ActiveCfg = Debug|Any CPU
		{98A994BA-5A6D-4E1B-BDF4-C1662C99CB1A}.Debug|x86.Build.0 = Debug|Any CPU
		{98A994BA-5A6D-4E1B-BDF4-C1662C99CB1A}.Release|Any CPU.ActiveCfg = Release|Any CPU
		{98A994BA-5A6D-4E1B-BDF4-C1662C99CB1A}.Release|Any CPU.Build.0 = Release|Any CPU
		{98A994BA-5A6D-4E1B-BDF4-C1662C99CB1A}.Release|x86.ActiveCfg = Release|Any CPU
		{98A994BA-5A6D-4E1B-BDF4-C1662C99CB1A}.Release|x86.Build.0 = Release|Any CPU
		{6E16DE9C-E4CD-4E4F-9057-759880D82D19}.Debug|Any CPU.ActiveCfg = Debug|Any CPU
		{6E16DE9C-E4CD-4E4F-9057-759880D82D19}.Debug|Any CPU.Build.0 = Debug|Any CPU
		{6E16DE9C-E4CD-4E4F-9057-759880D82D19}.Debug|x86.ActiveCfg = Debug|Any CPU
		{6E16DE9C-E4CD-4E4F-9057-759880D82D19}.Debug|x86.Build.0 = Debug|Any CPU
		{6E16DE9C-E4CD-4E4F-9057-759880D82D19}.Release|Any CPU.ActiveCfg = Release|Any CPU
		{6E16DE9C-E4CD-4E4F-9057-759880D82D19}.Release|Any CPU.Build.0 = Release|Any CPU
		{6E16DE9C-E4CD-4E4F-9057-759880D82D19}.Release|x86.ActiveCfg = Release|Any CPU
		{6E16DE9C-E4CD-4E4F-9057-759880D82D19}.Release|x86.Build.0 = Release|Any CPU
		{D72E6BAF-FA2F-4AD1-9A0A-AD886321801A}.Debug|Any CPU.ActiveCfg = Debug|Any CPU
		{D72E6BAF-FA2F-4AD1-9A0A-AD886321801A}.Debug|Any CPU.Build.0 = Debug|Any CPU
		{D72E6BAF-FA2F-4AD1-9A0A-AD886321801A}.Debug|x86.ActiveCfg = Debug|Any CPU
		{D72E6BAF-FA2F-4AD1-9A0A-AD886321801A}.Debug|x86.Build.0 = Debug|Any CPU
		{D72E6BAF-FA2F-4AD1-9A0A-AD886321801A}.Release|Any CPU.ActiveCfg = Release|Any CPU
		{D72E6BAF-FA2F-4AD1-9A0A-AD886321801A}.Release|Any CPU.Build.0 = Release|Any CPU
		{D72E6BAF-FA2F-4AD1-9A0A-AD886321801A}.Release|x86.ActiveCfg = Release|Any CPU
		{D72E6BAF-FA2F-4AD1-9A0A-AD886321801A}.Release|x86.Build.0 = Release|Any CPU
		{F49F3ECF-F2C6-47DB-AF76-A0A501068131}.Debug|Any CPU.ActiveCfg = Debug|Any CPU
		{F49F3ECF-F2C6-47DB-AF76-A0A501068131}.Debug|Any CPU.Build.0 = Debug|Any CPU
		{F49F3ECF-F2C6-47DB-AF76-A0A501068131}.Debug|x86.ActiveCfg = Debug|Any CPU
		{F49F3ECF-F2C6-47DB-AF76-A0A501068131}.Debug|x86.Build.0 = Debug|Any CPU
		{F49F3ECF-F2C6-47DB-AF76-A0A501068131}.Release|Any CPU.ActiveCfg = Release|Any CPU
		{F49F3ECF-F2C6-47DB-AF76-A0A501068131}.Release|Any CPU.Build.0 = Release|Any CPU
		{F49F3ECF-F2C6-47DB-AF76-A0A501068131}.Release|x86.ActiveCfg = Release|Any CPU
		{F49F3ECF-F2C6-47DB-AF76-A0A501068131}.Release|x86.Build.0 = Release|Any CPU
		{47E6D0CC-34F5-4F33-98E2-26A5F4990844}.Debug|Any CPU.ActiveCfg = Debug|Any CPU
		{47E6D0CC-34F5-4F33-98E2-26A5F4990844}.Debug|Any CPU.Build.0 = Debug|Any CPU
		{47E6D0CC-34F5-4F33-98E2-26A5F4990844}.Debug|x86.ActiveCfg = Debug|Any CPU
		{47E6D0CC-34F5-4F33-98E2-26A5F4990844}.Debug|x86.Build.0 = Debug|Any CPU
		{47E6D0CC-34F5-4F33-98E2-26A5F4990844}.Release|Any CPU.ActiveCfg = Release|Any CPU
		{47E6D0CC-34F5-4F33-98E2-26A5F4990844}.Release|Any CPU.Build.0 = Release|Any CPU
		{47E6D0CC-34F5-4F33-98E2-26A5F4990844}.Release|x86.ActiveCfg = Release|Any CPU
		{47E6D0CC-34F5-4F33-98E2-26A5F4990844}.Release|x86.Build.0 = Release|Any CPU
		{015F5714-EA20-4EFD-8F05-C78502759834}.Debug|Any CPU.ActiveCfg = Debug|Any CPU
		{015F5714-EA20-4EFD-8F05-C78502759834}.Debug|Any CPU.Build.0 = Debug|Any CPU
		{015F5714-EA20-4EFD-8F05-C78502759834}.Debug|x86.ActiveCfg = Debug|Any CPU
		{015F5714-EA20-4EFD-8F05-C78502759834}.Debug|x86.Build.0 = Debug|Any CPU
		{015F5714-EA20-4EFD-8F05-C78502759834}.Release|Any CPU.ActiveCfg = Release|Any CPU
		{015F5714-EA20-4EFD-8F05-C78502759834}.Release|Any CPU.Build.0 = Release|Any CPU
		{015F5714-EA20-4EFD-8F05-C78502759834}.Release|x86.ActiveCfg = Release|Any CPU
		{015F5714-EA20-4EFD-8F05-C78502759834}.Release|x86.Build.0 = Release|Any CPU
		{4714A71A-6E8D-409A-BBCB-04BCF7BD72CA}.Debug|Any CPU.ActiveCfg = Debug|Any CPU
		{4714A71A-6E8D-409A-BBCB-04BCF7BD72CA}.Debug|Any CPU.Build.0 = Debug|Any CPU
		{4714A71A-6E8D-409A-BBCB-04BCF7BD72CA}.Debug|x86.ActiveCfg = Debug|Any CPU
		{4714A71A-6E8D-409A-BBCB-04BCF7BD72CA}.Debug|x86.Build.0 = Debug|Any CPU
		{4714A71A-6E8D-409A-BBCB-04BCF7BD72CA}.Release|Any CPU.ActiveCfg = Release|Any CPU
		{4714A71A-6E8D-409A-BBCB-04BCF7BD72CA}.Release|Any CPU.Build.0 = Release|Any CPU
		{4714A71A-6E8D-409A-BBCB-04BCF7BD72CA}.Release|x86.ActiveCfg = Release|Any CPU
		{4714A71A-6E8D-409A-BBCB-04BCF7BD72CA}.Release|x86.Build.0 = Release|Any CPU
		{A8725987-C2C9-4688-98FC-F2E76123AED1}.Debug|Any CPU.ActiveCfg = Debug|Any CPU
		{A8725987-C2C9-4688-98FC-F2E76123AED1}.Debug|Any CPU.Build.0 = Debug|Any CPU
		{A8725987-C2C9-4688-98FC-F2E76123AED1}.Debug|x86.ActiveCfg = Debug|Any CPU
		{A8725987-C2C9-4688-98FC-F2E76123AED1}.Debug|x86.Build.0 = Debug|Any CPU
		{A8725987-C2C9-4688-98FC-F2E76123AED1}.Release|Any CPU.ActiveCfg = Release|Any CPU
		{A8725987-C2C9-4688-98FC-F2E76123AED1}.Release|Any CPU.Build.0 = Release|Any CPU
		{A8725987-C2C9-4688-98FC-F2E76123AED1}.Release|x86.ActiveCfg = Release|Any CPU
		{A8725987-C2C9-4688-98FC-F2E76123AED1}.Release|x86.Build.0 = Release|Any CPU
		{0E246785-6568-4195-874B-32AB03F3607B}.Debug|Any CPU.ActiveCfg = Debug|x86
		{0E246785-6568-4195-874B-32AB03F3607B}.Debug|x86.ActiveCfg = Debug|x86
		{0E246785-6568-4195-874B-32AB03F3607B}.Debug|x86.Build.0 = Debug|x86
		{0E246785-6568-4195-874B-32AB03F3607B}.Release|Any CPU.ActiveCfg = Release|x86
		{0E246785-6568-4195-874B-32AB03F3607B}.Release|x86.ActiveCfg = Release|x86
		{0E246785-6568-4195-874B-32AB03F3607B}.Release|x86.Build.0 = Release|x86
		{4DCC1CD5-AF95-4AB1-9FB2-3524B3E4BBBC}.Debug|Any CPU.ActiveCfg = Debug|Any CPU
		{4DCC1CD5-AF95-4AB1-9FB2-3524B3E4BBBC}.Debug|Any CPU.Build.0 = Debug|Any CPU
		{4DCC1CD5-AF95-4AB1-9FB2-3524B3E4BBBC}.Debug|x86.ActiveCfg = Debug|Any CPU
		{4DCC1CD5-AF95-4AB1-9FB2-3524B3E4BBBC}.Debug|x86.Build.0 = Debug|Any CPU
		{4DCC1CD5-AF95-4AB1-9FB2-3524B3E4BBBC}.Release|Any CPU.ActiveCfg = Release|Any CPU
		{4DCC1CD5-AF95-4AB1-9FB2-3524B3E4BBBC}.Release|Any CPU.Build.0 = Release|Any CPU
		{4DCC1CD5-AF95-4AB1-9FB2-3524B3E4BBBC}.Release|x86.ActiveCfg = Release|Any CPU
		{4DCC1CD5-AF95-4AB1-9FB2-3524B3E4BBBC}.Release|x86.Build.0 = Release|Any CPU
		{6D842AD2-F23F-4533-BC9D-49DF80E75E8E}.Debug|Any CPU.ActiveCfg = Debug|Any CPU
		{6D842AD2-F23F-4533-BC9D-49DF80E75E8E}.Debug|Any CPU.Build.0 = Debug|Any CPU
		{6D842AD2-F23F-4533-BC9D-49DF80E75E8E}.Debug|x86.ActiveCfg = Debug|Any CPU
		{6D842AD2-F23F-4533-BC9D-49DF80E75E8E}.Debug|x86.Build.0 = Debug|Any CPU
		{6D842AD2-F23F-4533-BC9D-49DF80E75E8E}.Release|Any CPU.ActiveCfg = Release|Any CPU
		{6D842AD2-F23F-4533-BC9D-49DF80E75E8E}.Release|Any CPU.Build.0 = Release|Any CPU
		{6D842AD2-F23F-4533-BC9D-49DF80E75E8E}.Release|x86.ActiveCfg = Release|Any CPU
		{6D842AD2-F23F-4533-BC9D-49DF80E75E8E}.Release|x86.Build.0 = Release|Any CPU
		{D20BCEFC-2BD5-4ACE-BE05-2F6088D2A264}.Debug|Any CPU.ActiveCfg = Debug|x86
		{D20BCEFC-2BD5-4ACE-BE05-2F6088D2A264}.Debug|x86.ActiveCfg = Debug|x86
		{D20BCEFC-2BD5-4ACE-BE05-2F6088D2A264}.Debug|x86.Build.0 = Debug|x86
		{D20BCEFC-2BD5-4ACE-BE05-2F6088D2A264}.Release|Any CPU.ActiveCfg = Release|x86
		{D20BCEFC-2BD5-4ACE-BE05-2F6088D2A264}.Release|x86.ActiveCfg = Release|x86
		{D20BCEFC-2BD5-4ACE-BE05-2F6088D2A264}.Release|x86.Build.0 = Release|x86
		{C0E86DC3-0BE8-497D-8A32-E5BC2389BCB8}.Debug|Any CPU.ActiveCfg = Debug|Any CPU
		{C0E86DC3-0BE8-497D-8A32-E5BC2389BCB8}.Debug|Any CPU.Build.0 = Debug|Any CPU
		{C0E86DC3-0BE8-497D-8A32-E5BC2389BCB8}.Debug|x86.ActiveCfg = Debug|Any CPU
		{C0E86DC3-0BE8-497D-8A32-E5BC2389BCB8}.Debug|x86.Build.0 = Debug|Any CPU
		{C0E86DC3-0BE8-497D-8A32-E5BC2389BCB8}.Release|Any CPU.ActiveCfg = Release|Any CPU
		{C0E86DC3-0BE8-497D-8A32-E5BC2389BCB8}.Release|Any CPU.Build.0 = Release|Any CPU
		{C0E86DC3-0BE8-497D-8A32-E5BC2389BCB8}.Release|x86.ActiveCfg = Release|Any CPU
		{C0E86DC3-0BE8-497D-8A32-E5BC2389BCB8}.Release|x86.Build.0 = Release|Any CPU
		{813C38EF-95DD-414E-A1E0-61D09E034650}.Debug|Any CPU.ActiveCfg = Debug|Any CPU
		{813C38EF-95DD-414E-A1E0-61D09E034650}.Debug|Any CPU.Build.0 = Debug|Any CPU
		{813C38EF-95DD-414E-A1E0-61D09E034650}.Debug|x86.ActiveCfg = Debug|Any CPU
		{813C38EF-95DD-414E-A1E0-61D09E034650}.Debug|x86.Build.0 = Debug|Any CPU
		{813C38EF-95DD-414E-A1E0-61D09E034650}.Release|Any CPU.ActiveCfg = Release|Any CPU
		{813C38EF-95DD-414E-A1E0-61D09E034650}.Release|Any CPU.Build.0 = Release|Any CPU
		{813C38EF-95DD-414E-A1E0-61D09E034650}.Release|x86.ActiveCfg = Release|Any CPU
		{813C38EF-95DD-414E-A1E0-61D09E034650}.Release|x86.Build.0 = Release|Any CPU
		{9278F719-9210-40CA-8D2D-D28872A92FE8}.Debug|Any CPU.ActiveCfg = Debug|Any CPU
		{9278F719-9210-40CA-8D2D-D28872A92FE8}.Debug|Any CPU.Build.0 = Debug|Any CPU
		{9278F719-9210-40CA-8D2D-D28872A92FE8}.Debug|x86.ActiveCfg = Debug|Any CPU
		{9278F719-9210-40CA-8D2D-D28872A92FE8}.Debug|x86.Build.0 = Debug|Any CPU
		{9278F719-9210-40CA-8D2D-D28872A92FE8}.Release|Any CPU.ActiveCfg = Release|Any CPU
		{9278F719-9210-40CA-8D2D-D28872A92FE8}.Release|Any CPU.Build.0 = Release|Any CPU
		{9278F719-9210-40CA-8D2D-D28872A92FE8}.Release|x86.ActiveCfg = Release|Any CPU
		{9278F719-9210-40CA-8D2D-D28872A92FE8}.Release|x86.Build.0 = Release|Any CPU
		{835D6DCC-08FC-441D-A136-FA1017775E15}.Debug|Any CPU.ActiveCfg = Debug|Any CPU
		{835D6DCC-08FC-441D-A136-FA1017775E15}.Debug|Any CPU.Build.0 = Debug|Any CPU
		{835D6DCC-08FC-441D-A136-FA1017775E15}.Debug|x86.ActiveCfg = Debug|Any CPU
		{835D6DCC-08FC-441D-A136-FA1017775E15}.Debug|x86.Build.0 = Debug|Any CPU
		{835D6DCC-08FC-441D-A136-FA1017775E15}.Release|Any CPU.ActiveCfg = Release|Any CPU
		{835D6DCC-08FC-441D-A136-FA1017775E15}.Release|Any CPU.Build.0 = Release|Any CPU
		{835D6DCC-08FC-441D-A136-FA1017775E15}.Release|x86.ActiveCfg = Release|Any CPU
		{835D6DCC-08FC-441D-A136-FA1017775E15}.Release|x86.Build.0 = Release|Any CPU
		{5F603892-DE40-4246-A969-1C6717AFE35D}.Debug|Any CPU.ActiveCfg = Debug|Any CPU
		{5F603892-DE40-4246-A969-1C6717AFE35D}.Debug|Any CPU.Build.0 = Debug|Any CPU
		{5F603892-DE40-4246-A969-1C6717AFE35D}.Debug|x86.ActiveCfg = Debug|Any CPU
		{5F603892-DE40-4246-A969-1C6717AFE35D}.Debug|x86.Build.0 = Debug|Any CPU
		{5F603892-DE40-4246-A969-1C6717AFE35D}.Release|Any CPU.ActiveCfg = Release|Any CPU
		{5F603892-DE40-4246-A969-1C6717AFE35D}.Release|Any CPU.Build.0 = Release|Any CPU
		{5F603892-DE40-4246-A969-1C6717AFE35D}.Release|x86.ActiveCfg = Release|Any CPU
		{5F603892-DE40-4246-A969-1C6717AFE35D}.Release|x86.Build.0 = Release|Any CPU
		{04D6008F-30A9-4FC0-8749-ED1144AD9A1C}.Debug|Any CPU.ActiveCfg = Debug|Any CPU
		{04D6008F-30A9-4FC0-8749-ED1144AD9A1C}.Debug|Any CPU.Build.0 = Debug|Any CPU
		{04D6008F-30A9-4FC0-8749-ED1144AD9A1C}.Debug|x86.ActiveCfg = Debug|Any CPU
		{04D6008F-30A9-4FC0-8749-ED1144AD9A1C}.Debug|x86.Build.0 = Debug|Any CPU
		{04D6008F-30A9-4FC0-8749-ED1144AD9A1C}.Release|Any CPU.ActiveCfg = Release|Any CPU
		{04D6008F-30A9-4FC0-8749-ED1144AD9A1C}.Release|Any CPU.Build.0 = Release|Any CPU
		{04D6008F-30A9-4FC0-8749-ED1144AD9A1C}.Release|x86.ActiveCfg = Release|Any CPU
		{04D6008F-30A9-4FC0-8749-ED1144AD9A1C}.Release|x86.Build.0 = Release|Any CPU
		{024C8613-0C05-4A53-ACDC-F0EAFB866969}.Debug|Any CPU.ActiveCfg = Debug|Any CPU
		{024C8613-0C05-4A53-ACDC-F0EAFB866969}.Debug|Any CPU.Build.0 = Debug|Any CPU
		{024C8613-0C05-4A53-ACDC-F0EAFB866969}.Debug|x86.ActiveCfg = Debug|Any CPU
		{024C8613-0C05-4A53-ACDC-F0EAFB866969}.Debug|x86.Build.0 = Debug|Any CPU
		{024C8613-0C05-4A53-ACDC-F0EAFB866969}.Release|Any CPU.ActiveCfg = Release|Any CPU
		{024C8613-0C05-4A53-ACDC-F0EAFB866969}.Release|Any CPU.Build.0 = Release|Any CPU
		{024C8613-0C05-4A53-ACDC-F0EAFB866969}.Release|x86.ActiveCfg = Release|Any CPU
		{024C8613-0C05-4A53-ACDC-F0EAFB866969}.Release|x86.Build.0 = Release|Any CPU
		{5540B509-3802-4043-803A-7D83592B98C0}.Debug|Any CPU.ActiveCfg = Debug|Any CPU
		{5540B509-3802-4043-803A-7D83592B98C0}.Debug|Any CPU.Build.0 = Debug|Any CPU
		{5540B509-3802-4043-803A-7D83592B98C0}.Debug|x86.ActiveCfg = Debug|Any CPU
		{5540B509-3802-4043-803A-7D83592B98C0}.Debug|x86.Build.0 = Debug|Any CPU
		{5540B509-3802-4043-803A-7D83592B98C0}.Release|Any CPU.ActiveCfg = Release|Any CPU
		{5540B509-3802-4043-803A-7D83592B98C0}.Release|Any CPU.Build.0 = Release|Any CPU
		{5540B509-3802-4043-803A-7D83592B98C0}.Release|x86.ActiveCfg = Release|Any CPU
		{5540B509-3802-4043-803A-7D83592B98C0}.Release|x86.Build.0 = Release|Any CPU
		{A558D9F2-0595-4C61-AB9A-2A62C4E425C8}.Debug|Any CPU.ActiveCfg = Debug|Any CPU
		{A558D9F2-0595-4C61-AB9A-2A62C4E425C8}.Debug|Any CPU.Build.0 = Debug|Any CPU
		{A558D9F2-0595-4C61-AB9A-2A62C4E425C8}.Debug|x86.ActiveCfg = Debug|Any CPU
		{A558D9F2-0595-4C61-AB9A-2A62C4E425C8}.Debug|x86.Build.0 = Debug|Any CPU
		{A558D9F2-0595-4C61-AB9A-2A62C4E425C8}.Release|Any CPU.ActiveCfg = Release|Any CPU
		{A558D9F2-0595-4C61-AB9A-2A62C4E425C8}.Release|Any CPU.Build.0 = Release|Any CPU
		{A558D9F2-0595-4C61-AB9A-2A62C4E425C8}.Release|x86.ActiveCfg = Release|Any CPU
		{A558D9F2-0595-4C61-AB9A-2A62C4E425C8}.Release|x86.Build.0 = Release|Any CPU
		{2B1F971A-0D70-4202-9EC1-E3C3A8B995BA}.Debug|Any CPU.ActiveCfg = Debug|Any CPU
		{2B1F971A-0D70-4202-9EC1-E3C3A8B995BA}.Debug|Any CPU.Build.0 = Debug|Any CPU
		{2B1F971A-0D70-4202-9EC1-E3C3A8B995BA}.Debug|x86.ActiveCfg = Debug|Any CPU
		{2B1F971A-0D70-4202-9EC1-E3C3A8B995BA}.Debug|x86.Build.0 = Debug|Any CPU
		{2B1F971A-0D70-4202-9EC1-E3C3A8B995BA}.Release|Any CPU.ActiveCfg = Release|Any CPU
		{2B1F971A-0D70-4202-9EC1-E3C3A8B995BA}.Release|Any CPU.Build.0 = Release|Any CPU
		{2B1F971A-0D70-4202-9EC1-E3C3A8B995BA}.Release|x86.ActiveCfg = Release|Any CPU
		{2B1F971A-0D70-4202-9EC1-E3C3A8B995BA}.Release|x86.Build.0 = Release|Any CPU
		{D52213C5-CD74-4ECE-B715-5681A40905C8}.Debug|Any CPU.ActiveCfg = Debug|Any CPU
		{D52213C5-CD74-4ECE-B715-5681A40905C8}.Debug|Any CPU.Build.0 = Debug|Any CPU
		{D52213C5-CD74-4ECE-B715-5681A40905C8}.Debug|x86.ActiveCfg = Debug|Any CPU
		{D52213C5-CD74-4ECE-B715-5681A40905C8}.Debug|x86.Build.0 = Debug|Any CPU
		{D52213C5-CD74-4ECE-B715-5681A40905C8}.Release|Any CPU.ActiveCfg = Release|Any CPU
		{D52213C5-CD74-4ECE-B715-5681A40905C8}.Release|Any CPU.Build.0 = Release|Any CPU
		{D52213C5-CD74-4ECE-B715-5681A40905C8}.Release|x86.ActiveCfg = Release|Any CPU
		{D52213C5-CD74-4ECE-B715-5681A40905C8}.Release|x86.Build.0 = Release|Any CPU
		{D280914F-8166-4EC8-BB26-802E020001C0}.Debug|Any CPU.ActiveCfg = Debug|Any CPU
		{D280914F-8166-4EC8-BB26-802E020001C0}.Debug|Any CPU.Build.0 = Debug|Any CPU
		{D280914F-8166-4EC8-BB26-802E020001C0}.Debug|x86.ActiveCfg = Debug|Any CPU
		{D280914F-8166-4EC8-BB26-802E020001C0}.Debug|x86.Build.0 = Debug|Any CPU
		{D280914F-8166-4EC8-BB26-802E020001C0}.Release|Any CPU.ActiveCfg = Release|Any CPU
		{D280914F-8166-4EC8-BB26-802E020001C0}.Release|Any CPU.Build.0 = Release|Any CPU
		{D280914F-8166-4EC8-BB26-802E020001C0}.Release|x86.ActiveCfg = Release|Any CPU
		{D280914F-8166-4EC8-BB26-802E020001C0}.Release|x86.Build.0 = Release|Any CPU
		{B32E4678-A5F4-40FB-A4D9-E77ED7AEB2B1}.Debug|Any CPU.ActiveCfg = Debug|Any CPU
		{B32E4678-A5F4-40FB-A4D9-E77ED7AEB2B1}.Debug|Any CPU.Build.0 = Debug|Any CPU
		{B32E4678-A5F4-40FB-A4D9-E77ED7AEB2B1}.Debug|x86.ActiveCfg = Debug|Any CPU
		{B32E4678-A5F4-40FB-A4D9-E77ED7AEB2B1}.Debug|x86.Build.0 = Debug|Any CPU
		{B32E4678-A5F4-40FB-A4D9-E77ED7AEB2B1}.Release|Any CPU.ActiveCfg = Release|Any CPU
		{B32E4678-A5F4-40FB-A4D9-E77ED7AEB2B1}.Release|Any CPU.Build.0 = Release|Any CPU
		{B32E4678-A5F4-40FB-A4D9-E77ED7AEB2B1}.Release|x86.ActiveCfg = Release|Any CPU
		{B32E4678-A5F4-40FB-A4D9-E77ED7AEB2B1}.Release|x86.Build.0 = Release|Any CPU
		{E0BEF018-8722-4B11-ACBA-5C6C5E7102D6}.Debug|Any CPU.ActiveCfg = Debug|Any CPU
		{E0BEF018-8722-4B11-ACBA-5C6C5E7102D6}.Debug|Any CPU.Build.0 = Debug|Any CPU
		{E0BEF018-8722-4B11-ACBA-5C6C5E7102D6}.Debug|x86.ActiveCfg = Debug|Any CPU
		{E0BEF018-8722-4B11-ACBA-5C6C5E7102D6}.Debug|x86.Build.0 = Debug|Any CPU
		{E0BEF018-8722-4B11-ACBA-5C6C5E7102D6}.Release|Any CPU.ActiveCfg = Release|Any CPU
		{E0BEF018-8722-4B11-ACBA-5C6C5E7102D6}.Release|Any CPU.Build.0 = Release|Any CPU
		{E0BEF018-8722-4B11-ACBA-5C6C5E7102D6}.Release|x86.ActiveCfg = Release|Any CPU
		{E0BEF018-8722-4B11-ACBA-5C6C5E7102D6}.Release|x86.Build.0 = Release|Any CPU
		{76C44C88-2F95-485E-AB74-D15C8ED10010}.Debug|Any CPU.ActiveCfg = Debug|Any CPU
		{76C44C88-2F95-485E-AB74-D15C8ED10010}.Debug|Any CPU.Build.0 = Debug|Any CPU
		{76C44C88-2F95-485E-AB74-D15C8ED10010}.Debug|x86.ActiveCfg = Debug|Any CPU
		{76C44C88-2F95-485E-AB74-D15C8ED10010}.Debug|x86.Build.0 = Debug|Any CPU
		{76C44C88-2F95-485E-AB74-D15C8ED10010}.Release|Any CPU.ActiveCfg = Release|Any CPU
		{76C44C88-2F95-485E-AB74-D15C8ED10010}.Release|Any CPU.Build.0 = Release|Any CPU
		{76C44C88-2F95-485E-AB74-D15C8ED10010}.Release|x86.ActiveCfg = Release|Any CPU
		{76C44C88-2F95-485E-AB74-D15C8ED10010}.Release|x86.Build.0 = Release|Any CPU
		{1386D9FF-A5CC-42E4-BE03-857226E03D78}.Debug|Any CPU.ActiveCfg = Debug|Any CPU
		{1386D9FF-A5CC-42E4-BE03-857226E03D78}.Debug|Any CPU.Build.0 = Debug|Any CPU
		{1386D9FF-A5CC-42E4-BE03-857226E03D78}.Debug|x86.ActiveCfg = Debug|Any CPU
		{1386D9FF-A5CC-42E4-BE03-857226E03D78}.Debug|x86.Build.0 = Debug|Any CPU
		{1386D9FF-A5CC-42E4-BE03-857226E03D78}.Release|Any CPU.ActiveCfg = Release|Any CPU
		{1386D9FF-A5CC-42E4-BE03-857226E03D78}.Release|Any CPU.Build.0 = Release|Any CPU
		{1386D9FF-A5CC-42E4-BE03-857226E03D78}.Release|x86.ActiveCfg = Release|Any CPU
		{1386D9FF-A5CC-42E4-BE03-857226E03D78}.Release|x86.Build.0 = Release|Any CPU
		{EFCD7BE0-2C69-416E-A5B2-F815AFEDFC45}.Debug|Any CPU.ActiveCfg = Debug|Any CPU
		{EFCD7BE0-2C69-416E-A5B2-F815AFEDFC45}.Debug|Any CPU.Build.0 = Debug|Any CPU
		{EFCD7BE0-2C69-416E-A5B2-F815AFEDFC45}.Debug|x86.ActiveCfg = Debug|Any CPU
		{EFCD7BE0-2C69-416E-A5B2-F815AFEDFC45}.Debug|x86.Build.0 = Debug|Any CPU
		{EFCD7BE0-2C69-416E-A5B2-F815AFEDFC45}.Release|Any CPU.ActiveCfg = Release|Any CPU
		{EFCD7BE0-2C69-416E-A5B2-F815AFEDFC45}.Release|Any CPU.Build.0 = Release|Any CPU
		{EFCD7BE0-2C69-416E-A5B2-F815AFEDFC45}.Release|x86.ActiveCfg = Release|Any CPU
		{EFCD7BE0-2C69-416E-A5B2-F815AFEDFC45}.Release|x86.Build.0 = Release|Any CPU
		{A1042B0F-7B14-4369-9560-DF6ABAA84C5F}.Debug|Any CPU.ActiveCfg = Debug|Any CPU
		{A1042B0F-7B14-4369-9560-DF6ABAA84C5F}.Debug|Any CPU.Build.0 = Debug|Any CPU
		{A1042B0F-7B14-4369-9560-DF6ABAA84C5F}.Debug|x86.ActiveCfg = Debug|Any CPU
		{A1042B0F-7B14-4369-9560-DF6ABAA84C5F}.Debug|x86.Build.0 = Debug|Any CPU
		{A1042B0F-7B14-4369-9560-DF6ABAA84C5F}.Release|Any CPU.ActiveCfg = Release|Any CPU
		{A1042B0F-7B14-4369-9560-DF6ABAA84C5F}.Release|Any CPU.Build.0 = Release|Any CPU
		{A1042B0F-7B14-4369-9560-DF6ABAA84C5F}.Release|x86.ActiveCfg = Release|Any CPU
		{A1042B0F-7B14-4369-9560-DF6ABAA84C5F}.Release|x86.Build.0 = Release|Any CPU
		{78FAE864-3F84-404B-AFCF-01F605A1EB43}.Debug|Any CPU.ActiveCfg = Debug|Any CPU
		{78FAE864-3F84-404B-AFCF-01F605A1EB43}.Debug|Any CPU.Build.0 = Debug|Any CPU
		{78FAE864-3F84-404B-AFCF-01F605A1EB43}.Debug|x86.ActiveCfg = Debug|Any CPU
		{78FAE864-3F84-404B-AFCF-01F605A1EB43}.Debug|x86.Build.0 = Debug|Any CPU
		{78FAE864-3F84-404B-AFCF-01F605A1EB43}.Release|Any CPU.ActiveCfg = Release|Any CPU
		{78FAE864-3F84-404B-AFCF-01F605A1EB43}.Release|Any CPU.Build.0 = Release|Any CPU
		{78FAE864-3F84-404B-AFCF-01F605A1EB43}.Release|x86.ActiveCfg = Release|Any CPU
		{78FAE864-3F84-404B-AFCF-01F605A1EB43}.Release|x86.Build.0 = Release|Any CPU
		{FE3F8221-6094-4B0D-99A8-ABCA40B09025}.Debug|Any CPU.ActiveCfg = Debug|Any CPU
		{FE3F8221-6094-4B0D-99A8-ABCA40B09025}.Debug|Any CPU.Build.0 = Debug|Any CPU
		{FE3F8221-6094-4B0D-99A8-ABCA40B09025}.Debug|x86.ActiveCfg = Debug|Any CPU
		{FE3F8221-6094-4B0D-99A8-ABCA40B09025}.Debug|x86.Build.0 = Debug|Any CPU
		{FE3F8221-6094-4B0D-99A8-ABCA40B09025}.Release|Any CPU.ActiveCfg = Release|Any CPU
		{FE3F8221-6094-4B0D-99A8-ABCA40B09025}.Release|Any CPU.Build.0 = Release|Any CPU
		{FE3F8221-6094-4B0D-99A8-ABCA40B09025}.Release|x86.ActiveCfg = Release|Any CPU
		{FE3F8221-6094-4B0D-99A8-ABCA40B09025}.Release|x86.Build.0 = Release|Any CPU
	EndGlobalSection
	GlobalSection(SolutionProperties) = preSolution
		HideSolutionNode = FALSE
	EndGlobalSection
	GlobalSection(NestedProjects) = preSolution
		{6D87EE85-FF18-4E50-92F1-7D2ACCEB4D6E} = {11D51A2C-E764-4C97-B79E-A86E6C450B25}
		{4B39E9EB-9BAC-4A1D-9FB1-CE5E22BBEF45} = {70AB88CC-41EF-4A4D-933E-4B10F61D9FD3}
		{7903E710-F81B-437A-98E2-46E2BED72EAD} = {2184AE43-3E85-4DA9-B21B-1BE7C2209075}
		{9629388D-3978-4D10-875D-56A93ED1836C} = {2184AE43-3E85-4DA9-B21B-1BE7C2209075}
		{9C2EE061-1D03-4EA5-BCB3-479EED3B2F22} = {1D07DC08-9CCD-4F6E-89B1-24A954C38EC2}
		{AB9A29AD-29A1-4467-B1AD-CEE1689504B0} = {133F4930-A6F7-4E30-8407-D6B7DADB1405}
		{63C2196A-B88B-45C5-9F34-EF80E4176322} = {133F4930-A6F7-4E30-8407-D6B7DADB1405}
		{B3EB0E11-A409-427E-A4C3-B0AFA9680CF0} = {C7825D2A-93EE-4FD7-9ED4-DF7C9296D224}
		{26D3EF39-A41A-439F-95B3-46BDFC49586C} = {38C7C269-6880-4960-B5A4-142C382272F7}
		{CA755056-7435-4491-B8DF-D85597A15A9D} = {38C7C269-6880-4960-B5A4-142C382272F7}
		{15964DC3-161B-440C-B588-D951839A71F8} = {38C7C269-6880-4960-B5A4-142C382272F7}
		{658FAC91-B2AF-4A41-A309-07B10ED3D60B} = {38C7C269-6880-4960-B5A4-142C382272F7}
		{BCA9BF1E-5B92-454C-A1C7-D815EEFBB631} = {38C7C269-6880-4960-B5A4-142C382272F7}
		{09A22892-F673-440A-8424-DCC220156F55} = {38C7C269-6880-4960-B5A4-142C382272F7}
		{5A23CBD0-ED5F-4838-81FA-F3E582EFAF98} = {A67A1E8B-DBC8-4019-940D-3D909BBAF1AA}
		{CEE8C1A6-52D5-4BF4-8BDE-8140101BB646} = {A0209EE8-0A7D-435C-9624-B80BC31835F3}
		{6703377C-C1F6-42C0-A6B6-F6A97B2976B8} = {DDAE8CA7-6CCE-4B2C-8B0A-E257661F209E}
		{03868746-F630-49BA-998F-27B96A3F948A} = {DDAE8CA7-6CCE-4B2C-8B0A-E257661F209E}
		{D5F711E5-FE20-488C-B325-BF04C44E6452} = {9EC6EBE7-0C1B-4F8A-99B7-F68347B64FAA}
		{4BE202ED-1039-4C7F-A09D-BA99B5786760} = {9EC6EBE7-0C1B-4F8A-99B7-F68347B64FAA}
		{969AC8AC-76B9-4F78-A4EA-99D408C8E480} = {9EC6EBE7-0C1B-4F8A-99B7-F68347B64FAA}
		{161C8926-39D7-4FE0-8F7F-801AF055C0E4} = {8C169CC9-9B5F-430C-9A06-7EDD3929CB4D}
		{17B6FD23-DEFB-454A-8ED2-9ECF791BBD25} = {8C169CC9-9B5F-430C-9A06-7EDD3929CB4D}
		{89EDB283-3CB3-4FD2-9324-E5C2CE838C86} = {8C169CC9-9B5F-430C-9A06-7EDD3929CB4D}
		{98A994BA-5A6D-4E1B-BDF4-C1662C99CB1A} = {1BAF027A-E40D-41AF-89A2-7A40455D8321}
		{6E16DE9C-E4CD-4E4F-9057-759880D82D19} = {1BAF027A-E40D-41AF-89A2-7A40455D8321}
		{D72E6BAF-FA2F-4AD1-9A0A-AD886321801A} = {625F30B4-7A1C-45D8-A89F-C68A82AF903C}
		{F49F3ECF-F2C6-47DB-AF76-A0A501068131} = {CD37C425-24B2-40CC-97CF-D2FE793D2C28}
		{47E6D0CC-34F5-4F33-98E2-26A5F4990844} = {E221FFD0-F6C1-4785-A8A3-57EE72BFE8A1}
		{015F5714-EA20-4EFD-8F05-C78502759834} = {F03C91ED-D8E0-4D86-B078-435DBD503B33}
		{4714A71A-6E8D-409A-BBCB-04BCF7BD72CA} = {E035C77F-7C21-47FC-8673-585ABFE894CC}
		{A8725987-C2C9-4688-98FC-F2E76123AED1} = {E035C77F-7C21-47FC-8673-585ABFE894CC}
		{0E246785-6568-4195-874B-32AB03F3607B} = {E035C77F-7C21-47FC-8673-585ABFE894CC}
		{4DCC1CD5-AF95-4AB1-9FB2-3524B3E4BBBC} = {D29E1769-81C2-49B4-B0E1-E27EE76A1AB8}
		{6D842AD2-F23F-4533-BC9D-49DF80E75E8E} = {D29E1769-81C2-49B4-B0E1-E27EE76A1AB8}
		{D20BCEFC-2BD5-4ACE-BE05-2F6088D2A264} = {D29E1769-81C2-49B4-B0E1-E27EE76A1AB8}
		{C0E86DC3-0BE8-497D-8A32-E5BC2389BCB8} = {D29E1769-81C2-49B4-B0E1-E27EE76A1AB8}
		{813C38EF-95DD-414E-A1E0-61D09E034650} = {D29E1769-81C2-49B4-B0E1-E27EE76A1AB8}
		{9278F719-9210-40CA-8D2D-D28872A92FE8} = {C7428834-F433-4C02-B8D6-25F40FBDA028}
		{835D6DCC-08FC-441D-A136-FA1017775E15} = {A7C3F4FD-8C4D-4636-8E8D-67C3DE74B743}
		{5F603892-DE40-4246-A969-1C6717AFE35D} = {676E36F7-671D-4D23-BF20-3530F0CE338C}
		{04D6008F-30A9-4FC0-8749-ED1144AD9A1C} = {676E36F7-671D-4D23-BF20-3530F0CE338C}
		{024C8613-0C05-4A53-ACDC-F0EAFB866969} = {E35F3DED-EDAF-46D0-B901-BE528F5BE85C}
		{5540B509-3802-4043-803A-7D83592B98C0} = {88FA3B84-A79C-4382-9062-72FCC7C6B82E}
		{A558D9F2-0595-4C61-AB9A-2A62C4E425C8} = {54BE17DA-33A7-4E24-A7D7-C2A0B91D1058}
		{2B1F971A-0D70-4202-9EC1-E3C3A8B995BA} = {54BE17DA-33A7-4E24-A7D7-C2A0B91D1058}
		{D52213C5-CD74-4ECE-B715-5681A40905C8} = {54BE17DA-33A7-4E24-A7D7-C2A0B91D1058}
		{D280914F-8166-4EC8-BB26-802E020001C0} = {54BE17DA-33A7-4E24-A7D7-C2A0B91D1058}
		{B32E4678-A5F4-40FB-A4D9-E77ED7AEB2B1} = {809F9151-5CAD-4E85-936A-374A59B4160E}
		{E0BEF018-8722-4B11-ACBA-5C6C5E7102D6} = {F56F0FE4-B2E6-43EF-8E64-0CE55488D229}
		{76C44C88-2F95-485E-AB74-D15C8ED10010} = {02EE34F8-69E2-4CC0-9A2C-3480A03A4E3C}
		{1386D9FF-A5CC-42E4-BE03-857226E03D78} = {16D8C3AB-8D83-47E2-96DD-89C4AA385023}
		{EFCD7BE0-2C69-416E-A5B2-F815AFEDFC45} = {DF3000A2-271D-4305-97FB-499C04B3F4CA}
		{A1042B0F-7B14-4369-9560-DF6ABAA84C5F} = {DF3000A2-271D-4305-97FB-499C04B3F4CA}
		{78FAE864-3F84-404B-AFCF-01F605A1EB43} = {DF3000A2-271D-4305-97FB-499C04B3F4CA}
		{FE3F8221-6094-4B0D-99A8-ABCA40B09025} = {A633387F-F27A-41FF-8669-BD0CAF43E8DB}
	EndGlobalSection
	GlobalSection(ExtensibilityGlobals) = postSolution
		SolutionGuid = {3322E8FF-E4F9-44C2-8A71-D5B40D1837B6}
	EndGlobalSection
	GlobalSection(TeamFoundationVersionControl) = preSolution
		SccNumberOfProjects = 57
		SccEnterpriseProvider = {4CA58AB2-18FA-4F8D-95D4-32DDF27D184C}
		SccTeamFoundationServer = https://dev.azure.com/ekplex
		SccLocalPath0 = .
		SccProjectUniqueName1 = Chapter02\\EightBall\\EightBall.csproj
		SccProjectTopLevelParentUniqueName1 = Learning.Wpf.SourceCode.sln
		SccProjectName1 = Chapter02/EightBall
		SccLocalPath1 = Chapter02\\EightBall
		SccProjectUniqueName2 = Chapter02\\NonCompiledXaml\\NonCompiledXaml.csproj
		SccProjectTopLevelParentUniqueName2 = Learning.Wpf.SourceCode.sln
		SccProjectName2 = Chapter02/NonCompiledXaml
		SccLocalPath2 = Chapter02\\NonCompiledXaml
		SccProjectUniqueName3 = Chapter03\\LayoutPanels\\LayoutPanels.csproj
		SccProjectTopLevelParentUniqueName3 = Learning.Wpf.SourceCode.sln
		SccProjectName3 = Chapter03/LayoutPanels
		SccLocalPath3 = Chapter03\\LayoutPanels
		SccProjectUniqueName4 = Chapter05\\Multitouch\\Multitouch.csproj
		SccProjectTopLevelParentUniqueName4 = Learning.Wpf.SourceCode.sln
		SccProjectName4 = Chapter05/Multitouch
		SccLocalPath4 = Chapter05\\Multitouch
		SccProjectUniqueName5 = Chapter05\\RoutedEvents\\RoutedEvents.csproj
		SccProjectTopLevelParentUniqueName5 = Learning.Wpf.SourceCode.sln
		SccProjectName5 = Chapter05/RoutedEvents
		SccLocalPath5 = Chapter05\\RoutedEvents
		SccProjectUniqueName6 = Chapter06\\Controls\\Controls.csproj
		SccProjectTopLevelParentUniqueName6 = Learning.Wpf.SourceCode.sln
		SccProjectName6 = Chapter06/Controls
		SccLocalPath6 = Chapter06\\Controls
		SccProjectUniqueName7 = Chapter07\\AssemblyResources\\AssemblyResources.csproj
		SccProjectTopLevelParentUniqueName7 = Learning.Wpf.SourceCode.sln
		SccProjectName7 = Chapter07/AssemblyResources
		SccLocalPath7 = Chapter07\\AssemblyResources
		SccProjectUniqueName8 = Chapter07\\LoadFromCommandLine\\LoadFromCommandLine.csproj
		SccProjectTopLevelParentUniqueName8 = Learning.Wpf.SourceCode.sln
		SccProjectName8 = Chapter07/LoadFromCommandLine
		SccLocalPath8 = Chapter07\\LoadFromCommandLine
		SccProjectUniqueName9 = Chapter07\\LocalizableApplication\\LocalizableApplication.csproj
		SccProjectTopLevelParentUniqueName9 = Learning.Wpf.SourceCode.sln
		SccProjectName9 = Chapter07/LocalizableApplication
		SccLocalPath9 = Chapter07\\LocalizableApplication
		SccProjectUniqueName10 = Chapter07\\PreventSessionEnd\\PreventSessionEnd.csproj
		SccProjectTopLevelParentUniqueName10 = Learning.Wpf.SourceCode.sln
		SccProjectName10 = Chapter07/PreventSessionEnd
		SccLocalPath10 = Chapter07\\PreventSessionEnd
		SccProjectUniqueName11 = Chapter07\\SingleInstanceApplication\\SingleInstanceApplication.csproj
		SccProjectTopLevelParentUniqueName11 = Learning.Wpf.SourceCode.sln
		SccProjectName11 = Chapter07/SingleInstanceApplication
		SccLocalPath11 = Chapter07\\SingleInstanceApplication
		SccProjectUniqueName12 = Chapter07\\WindowTracker\\WindowTracker.csproj
		SccProjectTopLevelParentUniqueName12 = Learning.Wpf.SourceCode.sln
		SccProjectName12 = Chapter07/WindowTracker
		SccLocalPath12 = Chapter07\\WindowTracker
		SccProjectUniqueName13 = Chapter08\\DataBinding\\DataBinding.csproj
		SccProjectTopLevelParentUniqueName13 = Learning.Wpf.SourceCode.sln
		SccProjectName13 = Chapter08/DataBinding
		SccLocalPath13 = Chapter08\\DataBinding
		SccProjectUniqueName14 = Chapter09\\Commands\\Commands.csproj
		SccProjectTopLevelParentUniqueName14 = Learning.Wpf.SourceCode.sln
		SccProjectName14 = Chapter09/Commands
		SccLocalPath14 = Chapter09\\Commands
		SccProjectUniqueName15 = Chapter10\\Resources\\ResourceLibrary\\ResourceLibrary.csproj
		SccProjectTopLevelParentUniqueName15 = Learning.Wpf.SourceCode.sln
		SccProjectName15 = Chapter10/Resources/ResourceLibrary
		SccLocalPath15 = Chapter10\\Resources\\ResourceLibrary
		SccProjectUniqueName16 = Chapter10\\Resources\\Resources\\Resources.csproj
		SccProjectTopLevelParentUniqueName16 = Learning.Wpf.SourceCode.sln
		SccProjectName16 = Chapter10/Resources/Resources
		SccLocalPath16 = Chapter10\\Resources\\Resources
		SccProjectUniqueName17 = Chapter11\\Behaviors\\BehaviorTest\\BehaviorTest.csproj
		SccProjectTopLevelParentUniqueName17 = Learning.Wpf.SourceCode.sln
		SccProjectName17 = Chapter11/Behaviors/BehaviorTest
		SccLocalPath17 = Chapter11\\Behaviors\\BehaviorTest
		SccProjectUniqueName18 = Chapter11\\Behaviors\\CustomBehaviorsLibrary\\CustomBehaviorsLibrary.csproj
		SccProjectTopLevelParentUniqueName18 = Learning.Wpf.SourceCode.sln
		SccProjectName18 = Chapter11/Behaviors/CustomBehaviorsLibrary
		SccLocalPath18 = Chapter11\\Behaviors\\CustomBehaviorsLibrary
		SccProjectUniqueName19 = Chapter11\\Styles\\Styles.csproj
		SccProjectTopLevelParentUniqueName19 = Learning.Wpf.SourceCode.sln
		SccProjectName19 = Chapter11/Styles
		SccLocalPath19 = Chapter11\\Styles
		SccProjectUniqueName20 = Chapter13\\Drawing\\Drawing.csproj
		SccProjectTopLevelParentUniqueName20 = Learning.Wpf.SourceCode.sln
		SccProjectName20 = Chapter13/Drawing
		SccLocalPath20 = Chapter13\\Drawing
		SccProjectUniqueName21 = Chapter14\\Drawing\\Drawing.csproj
		SccProjectTopLevelParentUniqueName21 = Learning.Wpf.SourceCode.sln
		SccProjectName21 = Chapter14/Drawing
		SccLocalPath21 = Chapter14\\Drawing
		SccProjectUniqueName22 = Chapter17\\ControlTemplateBrowser\\ControlTemplateBrowser.csproj
		SccProjectTopLevelParentUniqueName22 = Learning.Wpf.SourceCode.sln
		SccProjectName22 = Chapter17/ControlTemplateBrowser
		SccLocalPath22 = Chapter17\\ControlTemplateBrowser
		SccProjectUniqueName23 = Chapter17\\ControlTemplates\\ControlTemplates.csproj
		SccProjectTopLevelParentUniqueName23 = Learning.Wpf.SourceCode.sln
		SccProjectName23 = Chapter17/ControlTemplates
		SccLocalPath23 = Chapter17\\ControlTemplates
		SccProjectUniqueName24 = Chapter17\\SimpleWindow\\SimpleWindow.csproj
		SccProjectTopLevelParentUniqueName24 = Learning.Wpf.SourceCode.sln
		SccProjectName24 = Chapter17/SimpleWindow
		SccLocalPath24 = Chapter17\\SimpleWindow
		SccProjectUniqueName25 = Chapter18\\CustomControls\\CustomControls.csproj
		SccProjectTopLevelParentUniqueName25 = Learning.Wpf.SourceCode.sln
		SccProjectName25 = Chapter18/CustomControls
		SccLocalPath25 = Chapter18\\CustomControls
		SccProjectUniqueName26 = Chapter18\\CustomControlsClient\\CustomControlsClient.csproj
		SccProjectTopLevelParentUniqueName26 = Learning.Wpf.SourceCode.sln
		SccProjectName26 = Chapter18/CustomControlsClient
		SccLocalPath26 = Chapter18\\CustomControlsClient
		SccProjectUniqueName27 = Chapter19\\DataBinding\\DataBinding.csproj
		SccProjectTopLevelParentUniqueName27 = Learning.Wpf.SourceCode.sln
		SccProjectName27 = Chapter19/DataBinding
		SccLocalPath27 = Chapter19\\DataBinding
		SccProjectUniqueName28 = Chapter20\\DataBinding\\DataBinding.csproj
		SccProjectTopLevelParentUniqueName28 = Learning.Wpf.SourceCode.sln
		SccProjectName28 = Chapter20/DataBinding
		SccLocalPath28 = Chapter20\\DataBinding
		SccProjectUniqueName29 = Chapter21\\DataBinding\\DataBinding.csproj
		SccProjectTopLevelParentUniqueName29 = Learning.Wpf.SourceCode.sln
		SccProjectName29 = Chapter21/DataBinding
		SccLocalPath29 = Chapter21\\DataBinding
		SccProjectUniqueName30 = Chapter22\\DataBinding\\DataBinding.csproj
		SccProjectTopLevelParentUniqueName30 = Learning.Wpf.SourceCode.sln
		SccProjectName30 = Chapter22/DataBinding
		SccLocalPath30 = Chapter22\\DataBinding
		SccProjectUniqueName31 = Chapter23\\JumpListApplicationTask\\JumpListApplicationTask.csproj
		SccProjectTopLevelParentUniqueName31 = Learning.Wpf.SourceCode.sln
		SccProjectName31 = Chapter23/JumpListApplicationTask
		SccLocalPath31 = Chapter23\\JumpListApplicationTask
		SccProjectUniqueName32 = Chapter23\\Windows7_TaskBar\\Windows7_TaskBar.csproj
		SccProjectTopLevelParentUniqueName32 = Learning.Wpf.SourceCode.sln
		SccProjectName32 = Chapter23/Windows7_TaskBar
		SccLocalPath32 = Chapter23\\Windows7_TaskBar
		SccProjectUniqueName33 = Chapter23\\Windows\\Windows.csproj
		SccProjectTopLevelParentUniqueName33 = Learning.Wpf.SourceCode.sln
		SccProjectName33 = Chapter23/Windows
		SccLocalPath33 = Chapter23\\Windows
		SccProjectUniqueName34 = Chapter24\\Navigation\\NavigationApplication\\NavigationApplication.csproj
		SccProjectTopLevelParentUniqueName34 = Learning.Wpf.SourceCode.sln
		SccProjectName34 = Chapter24/Navigation/NavigationApplication
		SccLocalPath34 = Chapter24\\Navigation\\NavigationApplication
		SccProjectUniqueName35 = Chapter24\\Navigation\\PageLibrary\\PageLibrary.csproj
		SccProjectTopLevelParentUniqueName35 = Learning.Wpf.SourceCode.sln
		SccProjectName35 = Chapter24/Navigation/PageLibrary
		SccLocalPath35 = Chapter24\\Navigation\\PageLibrary
		SccProjectUniqueName36 = Chapter24\\WebBrowserTest\\WebBrowserTest.csproj
		SccProjectTopLevelParentUniqueName36 = Learning.Wpf.SourceCode.sln
		SccProjectName36 = Chapter24/WebBrowserTest
		SccLocalPath36 = Chapter24\\WebBrowserTest
		SccProjectUniqueName37 = Chapter24\\WindowPageHost\\WindowPageHost.csproj
		SccProjectTopLevelParentUniqueName37 = Learning.Wpf.SourceCode.sln
		SccProjectName37 = Chapter24/WindowPageHost
		SccLocalPath37 = Chapter24\\WindowPageHost
		SccProjectUniqueName38 = Chapter24\\XBAP\\XBAP.csproj
		SccProjectTopLevelParentUniqueName38 = Learning.Wpf.SourceCode.sln
		SccProjectName38 = Chapter24/XBAP
		SccLocalPath38 = Chapter24\\XBAP
		SccProjectUniqueName39 = Chapter25\\MenusAndToolbars\\MenusAndToolbars.csproj
		SccProjectTopLevelParentUniqueName39 = Learning.Wpf.SourceCode.sln
		SccProjectName39 = Chapter25/MenusAndToolbars
		SccLocalPath39 = Chapter25\\MenusAndToolbars
		SccProjectUniqueName40 = Chapter26\\SoundAndVideo\\SoundAndVideo.csproj
		SccProjectTopLevelParentUniqueName40 = Learning.Wpf.SourceCode.sln
		SccProjectName40 = Chapter26/SoundAndVideo
		SccLocalPath40 = Chapter26\\SoundAndVideo
		SccProjectUniqueName41 = Chapter27\\3DTools\\3DTools.csproj
		SccProjectTopLevelParentUniqueName41 = Learning.Wpf.SourceCode.sln
		SccProjectName41 = Chapter27/3DTools
		SccLocalPath41 = Chapter27\\3DTools
		SccProjectUniqueName42 = Chapter27\\DrawingIn3D\\DrawingIn3D.csproj
		SccProjectTopLevelParentUniqueName42 = Learning.Wpf.SourceCode.sln
		SccProjectName42 = Chapter27/DrawingIn3D
		SccLocalPath42 = Chapter27\\DrawingIn3D
		SccProjectUniqueName43 = Chapter28\\Documents\\Documents.csproj
		SccProjectTopLevelParentUniqueName43 = Learning.Wpf.SourceCode.sln
		SccProjectName43 = Chapter28/Documents
		SccLocalPath43 = Chapter28\\Documents
		SccProjectUniqueName44 = Chapter29\\Printing\\Printing.csproj
		SccProjectTopLevelParentUniqueName44 = Learning.Wpf.SourceCode.sln
		SccProjectName44 = Chapter29/Printing
		SccLocalPath44 = Chapter29\\Printing
		SccProjectUniqueName45 = Chapter30\\InteroperabilityWindowsForms\\InteroperabilityWindowsForms\\InteroperabilityWindowsForms.csproj
		SccProjectTopLevelParentUniqueName45 = Learning.Wpf.SourceCode.sln
		SccProjectName45 = Chapter30/InteroperabilityWindowsForms/InteroperabilityWindowsForms
		SccLocalPath45 = Chapter30\\InteroperabilityWindowsForms\\InteroperabilityWindowsForms
		SccProjectUniqueName46 = Chapter30\\InteroperabilityWindowsForms\\WPFWindowLibrary\\WPFWindowLibrary.csproj
		SccProjectTopLevelParentUniqueName46 = Learning.Wpf.SourceCode.sln
		SccProjectName46 = Chapter30/InteroperabilityWindowsForms/WPFWindowLibrary
		SccLocalPath46 = Chapter30\\InteroperabilityWindowsForms\\WPFWindowLibrary
		SccProjectUniqueName47 = Chapter30\\InteroperabilityWPF\\InteroperabilityWPF.csproj
		SccProjectTopLevelParentUniqueName47 = Learning.Wpf.SourceCode.sln
		SccProjectName47 = Chapter30/InteroperabilityWPF
		SccLocalPath47 = Chapter30\\InteroperabilityWPF
		SccProjectUniqueName48 = Chapter30\\NotifyIconTest\\NotifyIconTest.csproj
		SccProjectTopLevelParentUniqueName48 = Learning.Wpf.SourceCode.sln
		SccProjectName48 = Chapter30/NotifyIconTest
		SccLocalPath48 = Chapter30\\NotifyIconTest
		SccProjectUniqueName49 = Chapter31\\Multithreading\\Multithreading.csproj
		SccProjectTopLevelParentUniqueName49 = Learning.Wpf.SourceCode.sln
		SccProjectName49 = Chapter31/Multithreading
		SccLocalPath49 = Chapter31\\Multithreading
		SccProjectUniqueName50 = StoreDatabase\\StoreDatabase.csproj
		SccProjectTopLevelParentUniqueName50 = Learning.Wpf.SourceCode.sln
		SccProjectName50 = StoreDatabase
		SccLocalPath50 = StoreDatabase
		SccProjectUniqueName51 = StoreDatabaseDbBased\\StoreDatabase.csproj
		SccProjectTopLevelParentUniqueName51 = Learning.Wpf.SourceCode.sln
		SccProjectName51 = StoreDatabaseDbBased
		SccLocalPath51 = StoreDatabaseDbBased
		SccProjectUniqueName52 = Chapter15\\Animation\\Animation.csproj
		SccProjectTopLevelParentUniqueName52 = Learning.Wpf.SourceCode.sln
		SccProjectName52 = Chapter15/Animation
		SccLocalPath52 = Chapter15\\Animation
		SccProjectUniqueName53 = Chapter16\\Animation\\Animation.csproj
		SccProjectTopLevelParentUniqueName53 = Learning.Wpf.SourceCode.sln
		SccProjectName53 = Chapter16/Animation
		SccLocalPath53 = Chapter16\\Animation
		SccProjectUniqueName54 = Chapter16\\BombDropper\\BombDropper.csproj
		SccProjectTopLevelParentUniqueName54 = Learning.Wpf.SourceCode.sln
		SccProjectName54 = Chapter16/BombDropper
		SccLocalPath54 = Chapter16\\BombDropper
		SccProjectUniqueName55 = Chapter16\\FrameBased\\CompositionTargetRenderingAnimations.csproj
		SccProjectTopLevelParentUniqueName55 = Learning.Wpf.SourceCode.sln
		SccProjectName55 = Chapter16/FrameBased
		SccLocalPath55 = Chapter16\\FrameBased
		SccProjectUniqueName56 = Chapter12\\Drawing\\Drawing.csproj
		SccProjectTopLevelParentUniqueName56 = Learning.Wpf.SourceCode.sln
		SccProjectName56 = Chapter12/Drawing
		SccLocalPath56 = Chapter12\\Drawing
	EndGlobalSection
EndGlobal
