<Solution>
  <Project Path="CsharplangDemo10/CsharplangDemo10.csproj" />
  <Project Path="CsharplangDemo11/CsharplangDemo11.csproj" />
  <Project Path="CsharplangDemo12/CsharplangDemo12.csproj" />
  <Project Path="CsharplangDemo13/CsharplangDemo13.csproj" />
  <Project Path="CsharplangDemo14/CsharplangDemo14.csproj" />
  <Project Path="CsharplangDemo9/CsharplangDemo9.csproj" />
</Solution>
