
Microsoft Visual Studio Solution File, Format Version 12.00
# Visual Studio Version 17
VisualStudioVersion = 17.9.34622.214
MinimumVisualStudioVersion = 10.0.40219.1
Project("{FAE04EC0-301F-11D3-BF4B-00C04F79EFBC}") = "CsharplangDemo10", "CsharplangDemo10\CsharplangDemo10.csproj", "{6AF5C34D-C7B7-4559-9FA5-4120E0E408DB}"
EndProject
Project("{9A19103F-16F7-4668-BE54-9A1E7A4F7556}") = "CsharplangDemo9", "CsharplangDemo9\CsharplangDemo9.csproj", "{A4773986-2A3B-42E8-91AA-D8B6FBCCFEBE}"
EndProject
Project("{FAE04EC0-301F-11D3-BF4B-00C04F79EFBC}") = "CsharplangDemo11", "CsharplangDemo11\CsharplangDemo11.csproj", "{F9107013-4FF7-4C16-9971-EC5831E129C1}"
EndProject
Global
	GlobalSection(SolutionConfigurationPlatforms) = preSolution
		Debug|Any CPU = Debug|Any CPU
		Release|Any CPU = Release|Any CPU
	EndGlobalSection
	GlobalSection(ProjectConfigurationPlatforms) = postSolution
		{6AF5C34D-C7B7-4559-9FA5-4120E0E408DB}.Debug|Any CPU.ActiveCfg = Debug|Any CPU
		{6AF5C34D-C7B7-4559-9FA5-4120E0E408DB}.Debug|Any CPU.Build.0 = Debug|Any CPU
		{6AF5C34D-C7B7-4559-9FA5-4120E0E408DB}.Release|Any CPU.ActiveCfg = Release|Any CPU
		{6AF5C34D-C7B7-4559-9FA5-4120E0E408DB}.Release|Any CPU.Build.0 = Release|Any CPU
		{A4773986-2A3B-42E8-91AA-D8B6FBCCFEBE}.Debug|Any CPU.ActiveCfg = Debug|Any CPU
		{A4773986-2A3B-42E8-91AA-D8B6FBCCFEBE}.Debug|Any CPU.Build.0 = Debug|Any CPU
		{A4773986-2A3B-42E8-91AA-D8B6FBCCFEBE}.Release|Any CPU.ActiveCfg = Release|Any CPU
		{A4773986-2A3B-42E8-91AA-D8B6FBCCFEBE}.Release|Any CPU.Build.0 = Release|Any CPU
		{F9107013-4FF7-4C16-9971-EC5831E129C1}.Debug|Any CPU.ActiveCfg = Debug|Any CPU
		{F9107013-4FF7-4C16-9971-EC5831E129C1}.Debug|Any CPU.Build.0 = Debug|Any CPU
		{F9107013-4FF7-4C16-9971-EC5831E129C1}.Release|Any CPU.ActiveCfg = Release|Any CPU
		{F9107013-4FF7-4C16-9971-EC5831E129C1}.Release|Any CPU.Build.0 = Release|Any CPU
	EndGlobalSection
	GlobalSection(SolutionProperties) = preSolution
		HideSolutionNode = FALSE
	EndGlobalSection
	GlobalSection(ExtensibilityGlobals) = postSolution
		SolutionGuid = {2FB7A88A-EF7A-4FD2-93E5-EB706C8C42C2}
	EndGlobalSection
EndGlobal
