
Microsoft Visual Studio Solution File, Format Version 12.00
# Visual Studio Version 17
VisualStudioVersion = 17.14.36603.0
MinimumVisualStudioVersion = 10.0.40219.1
Project("{FAE04EC0-301F-11D3-BF4B-00C04F79EFBC}") = "ConfigurationJsonDemo", "ConfigurationJsonDemo\ConfigurationJsonDemo.csproj", "{2AE96A7A-5CF9-4AB2-BA51-B15C924FF3B2}"
EndProject
Project("{FAE04EC0-301F-11D3-BF4B-00C04F79EFBC}") = "Demo01.BasicReading", "Demo01.BasicReading\Demo01.BasicReading.csproj", "{A4C85DC6-614E-437A-8FF4-E43D416E9DD9}"
EndProject
Project("{FAE04EC0-301F-11D3-BF4B-00C04F79EFBC}") = "Demo02.StrongTypedBinding", "Demo02.StrongTypedBinding\Demo02.StrongTypedBinding.csproj", "{6B859BB2-0B18-454D-9C07-8B2DC2EB8ABB}"
EndProject
Project("{FAE04EC0-301F-11D3-BF4B-00C04F79EFBC}") = "Demo03.ConfigSources", "Demo03.ConfigSources\Demo03.ConfigSources.csproj", "{03214A69-79BA-4E68-9483-3E2167CF33F3}"
EndProject
Project("{FAE04EC0-301F-11D3-BF4B-00C04F79EFBC}") = "Demo04.MultiEnvironment", "Demo04.MultiEnvironment\Demo04.MultiEnvironment.csproj", "{428945AA-BDCE-4081-831B-6E9F5A3626EB}"
EndProject
Project("{FAE04EC0-301F-11D3-BF4B-00C04F79EFBC}") = "Demo05.HotReload", "Demo05.HotReload\Demo05.HotReload.csproj", "{4B89B435-033E-4B0E-AA83-3985120C9E9C}"
EndProject
Project("{FAE04EC0-301F-11D3-BF4B-00C04F79EFBC}") = "Demo06.UserSecrets", "Demo06.UserSecrets\Demo06.UserSecrets.csproj", "{23EC452A-DBE1-442D-B8ED-0AB39F7219D7}"
EndProject
Project("{FAE04EC0-301F-11D3-BF4B-00C04F79EFBC}") = "Demo07.CustomProvider", "Demo07.CustomProvider\Demo07.CustomProvider.csproj", "{B7D68364-DC4C-4A1D-BA26-D99665928379}"
EndProject
Project("{FAE04EC0-301F-11D3-BF4B-00C04F79EFBC}") = "Demo08.OptionsPattern", "Demo08.OptionsPattern\Demo08.OptionsPattern.csproj", "{643A3BAC-E712-4F76-B990-21E1759DB5ED}"
EndProject
Project("{FAE04EC0-301F-11D3-BF4B-00C04F79EFBC}") = "Demo09.OptionsConfiguration", "Demo09.OptionsConfiguration\Demo09.OptionsConfiguration.csproj", "{DB0E8B8E-3EBF-4653-B1D6-8F33F5B2E2D0}"
EndProject
Project("{FAE04EC0-301F-11D3-BF4B-00C04F79EFBC}") = "Demo10.OptionsValidation", "Demo10.OptionsValidation\Demo10.OptionsValidation.csproj", "{F99212EB-D717-4835-A72D-3EA753F299C1}"
EndProject
Global
	GlobalSection(SolutionConfigurationPlatforms) = preSolution
		Debug|Any CPU = Debug|Any CPU
		Debug|x64 = Debug|x64
		Debug|x86 = Debug|x86
		Release|Any CPU = Release|Any CPU
		Release|x64 = Release|x64
		Release|x86 = Release|x86
	EndGlobalSection
	GlobalSection(ProjectConfigurationPlatforms) = postSolution
		{2AE96A7A-5CF9-4AB2-BA51-B15C924FF3B2}.Debug|Any CPU.ActiveCfg = Debug|Any CPU
		{2AE96A7A-5CF9-4AB2-BA51-B15C924FF3B2}.Debug|Any CPU.Build.0 = Debug|Any CPU
		{2AE96A7A-5CF9-4AB2-BA51-B15C924FF3B2}.Debug|x64.ActiveCfg = Debug|Any CPU
		{2AE96A7A-5CF9-4AB2-BA51-B15C924FF3B2}.Debug|x64.Build.0 = Debug|Any CPU
		{2AE96A7A-5CF9-4AB2-BA51-B15C924FF3B2}.Debug|x86.ActiveCfg = Debug|Any CPU
		{2AE96A7A-5CF9-4AB2-BA51-B15C924FF3B2}.Debug|x86.Build.0 = Debug|Any CPU
		{2AE96A7A-5CF9-4AB2-BA51-B15C924FF3B2}.Release|Any CPU.ActiveCfg = Release|Any CPU
		{2AE96A7A-5CF9-4AB2-BA51-B15C924FF3B2}.Release|Any CPU.Build.0 = Release|Any CPU
		{2AE96A7A-5CF9-4AB2-BA51-B15C924FF3B2}.Release|x64.ActiveCfg = Release|Any CPU
		{2AE96A7A-5CF9-4AB2-BA51-B15C924FF3B2}.Release|x64.Build.0 = Release|Any CPU
		{2AE96A7A-5CF9-4AB2-BA51-B15C924FF3B2}.Release|x86.ActiveCfg = Release|Any CPU
		{2AE96A7A-5CF9-4AB2-BA51-B15C924FF3B2}.Release|x86.Build.0 = Release|Any CPU
		{A4C85DC6-614E-437A-8FF4-E43D416E9DD9}.Debug|Any CPU.ActiveCfg = Debug|Any CPU
		{A4C85DC6-614E-437A-8FF4-E43D416E9DD9}.Debug|Any CPU.Build.0 = Debug|Any CPU
		{A4C85DC6-614E-437A-8FF4-E43D416E9DD9}.Debug|x64.ActiveCfg = Debug|Any CPU
		{A4C85DC6-614E-437A-8FF4-E43D416E9DD9}.Debug|x64.Build.0 = Debug|Any CPU
		{A4C85DC6-614E-437A-8FF4-E43D416E9DD9}.Debug|x86.ActiveCfg = Debug|Any CPU
		{A4C85DC6-614E-437A-8FF4-E43D416E9DD9}.Debug|x86.Build.0 = Debug|Any CPU
		{A4C85DC6-614E-437A-8FF4-E43D416E9DD9}.Release|Any CPU.ActiveCfg = Release|Any CPU
		{A4C85DC6-614E-437A-8FF4-E43D416E9DD9}.Release|Any CPU.Build.0 = Release|Any CPU
		{A4C85DC6-614E-437A-8FF4-E43D416E9DD9}.Release|x64.ActiveCfg = Release|Any CPU
		{A4C85DC6-614E-437A-8FF4-E43D416E9DD9}.Release|x64.Build.0 = Release|Any CPU
		{A4C85DC6-614E-437A-8FF4-E43D416E9DD9}.Release|x86.ActiveCfg = Release|Any CPU
		{A4C85DC6-614E-437A-8FF4-E43D416E9DD9}.Release|x86.Build.0 = Release|Any CPU
		{6B859BB2-0B18-454D-9C07-8B2DC2EB8ABB}.Debug|Any CPU.ActiveCfg = Debug|Any CPU
		{6B859BB2-0B18-454D-9C07-8B2DC2EB8ABB}.Debug|Any CPU.Build.0 = Debug|Any CPU
		{6B859BB2-0B18-454D-9C07-8B2DC2EB8ABB}.Debug|x64.ActiveCfg = Debug|Any CPU
		{6B859BB2-0B18-454D-9C07-8B2DC2EB8ABB}.Debug|x64.Build.0 = Debug|Any CPU
		{6B859BB2-0B18-454D-9C07-8B2DC2EB8ABB}.Debug|x86.ActiveCfg = Debug|Any CPU
		{6B859BB2-0B18-454D-9C07-8B2DC2EB8ABB}.Debug|x86.Build.0 = Debug|Any CPU
		{6B859BB2-0B18-454D-9C07-8B2DC2EB8ABB}.Release|Any CPU.ActiveCfg = Release|Any CPU
		{6B859BB2-0B18-454D-9C07-8B2DC2EB8ABB}.Release|Any CPU.Build.0 = Release|Any CPU
		{6B859BB2-0B18-454D-9C07-8B2DC2EB8ABB}.Release|x64.ActiveCfg = Release|Any CPU
		{6B859BB2-0B18-454D-9C07-8B2DC2EB8ABB}.Release|x64.Build.0 = Release|Any CPU
		{6B859BB2-0B18-454D-9C07-8B2DC2EB8ABB}.Release|x86.ActiveCfg = Release|Any CPU
		{6B859BB2-0B18-454D-9C07-8B2DC2EB8ABB}.Release|x86.Build.0 = Release|Any CPU
		{03214A69-79BA-4E68-9483-3E2167CF33F3}.Debug|Any CPU.ActiveCfg = Debug|Any CPU
		{03214A69-79BA-4E68-9483-3E2167CF33F3}.Debug|Any CPU.Build.0 = Debug|Any CPU
		{03214A69-79BA-4E68-9483-3E2167CF33F3}.Debug|x64.ActiveCfg = Debug|Any CPU
		{03214A69-79BA-4E68-9483-3E2167CF33F3}.Debug|x64.Build.0 = Debug|Any CPU
		{03214A69-79BA-4E68-9483-3E2167CF33F3}.Debug|x86.ActiveCfg = Debug|Any CPU
		{03214A69-79BA-4E68-9483-3E2167CF33F3}.Debug|x86.Build.0 = Debug|Any CPU
		{03214A69-79BA-4E68-9483-3E2167CF33F3}.Release|Any CPU.ActiveCfg = Release|Any CPU
		{03214A69-79BA-4E68-9483-3E2167CF33F3}.Release|Any CPU.Build.0 = Release|Any CPU
		{03214A69-79BA-4E68-9483-3E2167CF33F3}.Release|x64.ActiveCfg = Release|Any CPU
		{03214A69-79BA-4E68-9483-3E2167CF33F3}.Release|x64.Build.0 = Release|Any CPU
		{03214A69-79BA-4E68-9483-3E2167CF33F3}.Release|x86.ActiveCfg = Release|Any CPU
		{03214A69-79BA-4E68-9483-3E2167CF33F3}.Release|x86.Build.0 = Release|Any CPU
		{428945AA-BDCE-4081-831B-6E9F5A3626EB}.Debug|Any CPU.ActiveCfg = Debug|Any CPU
		{428945AA-BDCE-4081-831B-6E9F5A3626EB}.Debug|Any CPU.Build.0 = Debug|Any CPU
		{428945AA-BDCE-4081-831B-6E9F5A3626EB}.Debug|x64.ActiveCfg = Debug|Any CPU
		{428945AA-BDCE-4081-831B-6E9F5A3626EB}.Debug|x64.Build.0 = Debug|Any CPU
		{428945AA-BDCE-4081-831B-6E9F5A3626EB}.Debug|x86.ActiveCfg = Debug|Any CPU
		{428945AA-BDCE-4081-831B-6E9F5A3626EB}.Debug|x86.Build.0 = Debug|Any CPU
		{428945AA-BDCE-4081-831B-6E9F5A3626EB}.Release|Any CPU.ActiveCfg = Release|Any CPU
		{428945AA-BDCE-4081-831B-6E9F5A3626EB}.Release|Any CPU.Build.0 = Release|Any CPU
		{428945AA-BDCE-4081-831B-6E9F5A3626EB}.Release|x64.ActiveCfg = Release|Any CPU
		{428945AA-BDCE-4081-831B-6E9F5A3626EB}.Release|x64.Build.0 = Release|Any CPU
		{428945AA-BDCE-4081-831B-6E9F5A3626EB}.Release|x86.ActiveCfg = Release|Any CPU
		{428945AA-BDCE-4081-831B-6E9F5A3626EB}.Release|x86.Build.0 = Release|Any CPU
		{4B89B435-033E-4B0E-AA83-3985120C9E9C}.Debug|Any CPU.ActiveCfg = Debug|Any CPU
		{4B89B435-033E-4B0E-AA83-3985120C9E9C}.Debug|Any CPU.Build.0 = Debug|Any CPU
		{4B89B435-033E-4B0E-AA83-3985120C9E9C}.Debug|x64.ActiveCfg = Debug|Any CPU
		{4B89B435-033E-4B0E-AA83-3985120C9E9C}.Debug|x64.Build.0 = Debug|Any CPU
		{4B89B435-033E-4B0E-AA83-3985120C9E9C}.Debug|x86.ActiveCfg = Debug|Any CPU
		{4B89B435-033E-4B0E-AA83-3985120C9E9C}.Debug|x86.Build.0 = Debug|Any CPU
		{4B89B435-033E-4B0E-AA83-3985120C9E9C}.Release|Any CPU.ActiveCfg = Release|Any CPU
		{4B89B435-033E-4B0E-AA83-3985120C9E9C}.Release|Any CPU.Build.0 = Release|Any CPU
		{4B89B435-033E-4B0E-AA83-3985120C9E9C}.Release|x64.ActiveCfg = Release|Any CPU
		{4B89B435-033E-4B0E-AA83-3985120C9E9C}.Release|x64.Build.0 = Release|Any CPU
		{4B89B435-033E-4B0E-AA83-3985120C9E9C}.Release|x86.ActiveCfg = Release|Any CPU
		{4B89B435-033E-4B0E-AA83-3985120C9E9C}.Release|x86.Build.0 = Release|Any CPU
		{23EC452A-DBE1-442D-B8ED-0AB39F7219D7}.Debug|Any CPU.ActiveCfg = Debug|Any CPU
		{23EC452A-DBE1-442D-B8ED-0AB39F7219D7}.Debug|Any CPU.Build.0 = Debug|Any CPU
		{23EC452A-DBE1-442D-B8ED-0AB39F7219D7}.Debug|x64.ActiveCfg = Debug|Any CPU
		{23EC452A-DBE1-442D-B8ED-0AB39F7219D7}.Debug|x64.Build.0 = Debug|Any CPU
		{23EC452A-DBE1-442D-B8ED-0AB39F7219D7}.Debug|x86.ActiveCfg = Debug|Any CPU
		{23EC452A-DBE1-442D-B8ED-0AB39F7219D7}.Debug|x86.Build.0 = Debug|Any CPU
		{23EC452A-DBE1-442D-B8ED-0AB39F7219D7}.Release|Any CPU.ActiveCfg = Release|Any CPU
		{23EC452A-DBE1-442D-B8ED-0AB39F7219D7}.Release|Any CPU.Build.0 = Release|Any CPU
		{23EC452A-DBE1-442D-B8ED-0AB39F7219D7}.Release|x64.ActiveCfg = Release|Any CPU
		{23EC452A-DBE1-442D-B8ED-0AB39F7219D7}.Release|x64.Build.0 = Release|Any CPU
		{23EC452A-DBE1-442D-B8ED-0AB39F7219D7}.Release|x86.ActiveCfg = Release|Any CPU
		{23EC452A-DBE1-442D-B8ED-0AB39F7219D7}.Release|x86.Build.0 = Release|Any CPU
		{B7D68364-DC4C-4A1D-BA26-D99665928379}.Debug|Any CPU.ActiveCfg = Debug|Any CPU
		{B7D68364-DC4C-4A1D-BA26-D99665928379}.Debug|Any CPU.Build.0 = Debug|Any CPU
		{B7D68364-DC4C-4A1D-BA26-D99665928379}.Debug|x64.ActiveCfg = Debug|Any CPU
		{B7D68364-DC4C-4A1D-BA26-D99665928379}.Debug|x64.Build.0 = Debug|Any CPU
		{B7D68364-DC4C-4A1D-BA26-D99665928379}.Debug|x86.ActiveCfg = Debug|Any CPU
		{B7D68364-DC4C-4A1D-BA26-D99665928379}.Debug|x86.Build.0 = Debug|Any CPU
		{B7D68364-DC4C-4A1D-BA26-D99665928379}.Release|Any CPU.ActiveCfg = Release|Any CPU
		{B7D68364-DC4C-4A1D-BA26-D99665928379}.Release|Any CPU.Build.0 = Release|Any CPU
		{B7D68364-DC4C-4A1D-BA26-D99665928379}.Release|x64.ActiveCfg = Release|Any CPU
		{B7D68364-DC4C-4A1D-BA26-D99665928379}.Release|x64.Build.0 = Release|Any CPU
		{B7D68364-DC4C-4A1D-BA26-D99665928379}.Release|x86.ActiveCfg = Release|Any CPU
		{B7D68364-DC4C-4A1D-BA26-D99665928379}.Release|x86.Build.0 = Release|Any CPU
		{643A3BAC-E712-4F76-B990-21E1759DB5ED}.Debug|Any CPU.ActiveCfg = Debug|Any CPU
		{643A3BAC-E712-4F76-B990-21E1759DB5ED}.Debug|Any CPU.Build.0 = Debug|Any CPU
		{643A3BAC-E712-4F76-B990-21E1759DB5ED}.Debug|x64.ActiveCfg = Debug|Any CPU
		{643A3BAC-E712-4F76-B990-21E1759DB5ED}.Debug|x64.Build.0 = Debug|Any CPU
		{643A3BAC-E712-4F76-B990-21E1759DB5ED}.Debug|x86.ActiveCfg = Debug|Any CPU
		{643A3BAC-E712-4F76-B990-21E1759DB5ED}.Debug|x86.Build.0 = Debug|Any CPU
		{643A3BAC-E712-4F76-B990-21E1759DB5ED}.Release|Any CPU.ActiveCfg = Release|Any CPU
		{643A3BAC-E712-4F76-B990-21E1759DB5ED}.Release|Any CPU.Build.0 = Release|Any CPU
		{643A3BAC-E712-4F76-B990-21E1759DB5ED}.Release|x64.ActiveCfg = Release|Any CPU
		{643A3BAC-E712-4F76-B990-21E1759DB5ED}.Release|x64.Build.0 = Release|Any CPU
		{643A3BAC-E712-4F76-B990-21E1759DB5ED}.Release|x86.ActiveCfg = Release|Any CPU
		{643A3BAC-E712-4F76-B990-21E1759DB5ED}.Release|x86.Build.0 = Release|Any CPU
		{DB0E8B8E-3EBF-4653-B1D6-8F33F5B2E2D0}.Debug|Any CPU.ActiveCfg = Debug|Any CPU
		{DB0E8B8E-3EBF-4653-B1D6-8F33F5B2E2D0}.Debug|Any CPU.Build.0 = Debug|Any CPU
		{DB0E8B8E-3EBF-4653-B1D6-8F33F5B2E2D0}.Debug|x64.ActiveCfg = Debug|Any CPU
		{DB0E8B8E-3EBF-4653-B1D6-8F33F5B2E2D0}.Debug|x64.Build.0 = Debug|Any CPU
		{DB0E8B8E-3EBF-4653-B1D6-8F33F5B2E2D0}.Debug|x86.ActiveCfg = Debug|Any CPU
		{DB0E8B8E-3EBF-4653-B1D6-8F33F5B2E2D0}.Debug|x86.Build.0 = Debug|Any CPU
		{DB0E8B8E-3EBF-4653-B1D6-8F33F5B2E2D0}.Release|Any CPU.ActiveCfg = Release|Any CPU
		{DB0E8B8E-3EBF-4653-B1D6-8F33F5B2E2D0}.Release|Any CPU.Build.0 = Release|Any CPU
		{DB0E8B8E-3EBF-4653-B1D6-8F33F5B2E2D0}.Release|x64.ActiveCfg = Release|Any CPU
		{DB0E8B8E-3EBF-4653-B1D6-8F33F5B2E2D0}.Release|x64.Build.0 = Release|Any CPU
		{DB0E8B8E-3EBF-4653-B1D6-8F33F5B2E2D0}.Release|x86.ActiveCfg = Release|Any CPU
		{DB0E8B8E-3EBF-4653-B1D6-8F33F5B2E2D0}.Release|x86.Build.0 = Release|Any CPU
		{F99212EB-D717-4835-A72D-3EA753F299C1}.Debug|Any CPU.ActiveCfg = Debug|Any CPU
		{F99212EB-D717-4835-A72D-3EA753F299C1}.Debug|Any CPU.Build.0 = Debug|Any CPU
		{F99212EB-D717-4835-A72D-3EA753F299C1}.Debug|x64.ActiveCfg = Debug|Any CPU
		{F99212EB-D717-4835-A72D-3EA753F299C1}.Debug|x64.Build.0 = Debug|Any CPU
		{F99212EB-D717-4835-A72D-3EA753F299C1}.Debug|x86.ActiveCfg = Debug|Any CPU
		{F99212EB-D717-4835-A72D-3EA753F299C1}.Debug|x86.Build.0 = Debug|Any CPU
		{F99212EB-D717-4835-A72D-3EA753F299C1}.Release|Any CPU.ActiveCfg = Release|Any CPU
		{F99212EB-D717-4835-A72D-3EA753F299C1}.Release|Any CPU.Build.0 = Release|Any CPU
		{F99212EB-D717-4835-A72D-3EA753F299C1}.Release|x64.ActiveCfg = Release|Any CPU
		{F99212EB-D717-4835-A72D-3EA753F299C1}.Release|x64.Build.0 = Release|Any CPU
		{F99212EB-D717-4835-A72D-3EA753F299C1}.Release|x86.ActiveCfg = Release|Any CPU
		{F99212EB-D717-4835-A72D-3EA753F299C1}.Release|x86.Build.0 = Release|Any CPU
	EndGlobalSection
	GlobalSection(SolutionProperties) = preSolution
		HideSolutionNode = FALSE
	EndGlobalSection
	GlobalSection(ExtensibilityGlobals) = postSolution
		SolutionGuid = {1911430D-C704-4E58-AC97-0115F338BE48}
	EndGlobalSection
EndGlobal
