
Microsoft Visual Studio Solution File, Format Version 12.00
# Visual Studio Version 16
VisualStudioVersion = 16.0.30204.135
MinimumVisualStudioVersion = 10.0.40219.1
Project("{9A19103F-16F7-4668-BE54-9A1E7A4F7556}") = "SocketClient", "SocketClient\SocketClient.csproj", "{D7E6D635-4D27-43E7-91EC-1FAB30BE36DE}"
EndProject
Project("{9A19103F-16F7-4668-BE54-9A1E7A4F7556}") = "SocketServer", "SocketServer\SocketServer.csproj", "{5379D207-64AF-4CB6-8CF2-9871BDB76835}"
EndProject
Global
	GlobalSection(SolutionConfigurationPlatforms) = preSolution
		Debug|Any CPU = Debug|Any CPU
		Release|Any CPU = Release|Any CPU
	EndGlobalSection
	GlobalSection(ProjectConfigurationPlatforms) = postSolution
		{D7E6D635-4D27-43E7-91EC-1FAB30BE36DE}.Debug|Any CPU.ActiveCfg = Debug|Any CPU
		{D7E6D635-4D27-43E7-91EC-1FAB30BE36DE}.Debug|Any CPU.Build.0 = Debug|Any CPU
		{D7E6D635-4D27-43E7-91EC-1FAB30BE36DE}.Release|Any CPU.ActiveCfg = Release|Any CPU
		{D7E6D635-4D27-43E7-91EC-1FAB30BE36DE}.Release|Any CPU.Build.0 = Release|Any CPU
		{5379D207-64AF-4CB6-8CF2-9871BDB76835}.Debug|Any CPU.ActiveCfg = Debug|Any CPU
		{5379D207-64AF-4CB6-8CF2-9871BDB76835}.Debug|Any CPU.Build.0 = Debug|Any CPU
		{5379D207-64AF-4CB6-8CF2-9871BDB76835}.Release|Any CPU.ActiveCfg = Release|Any CPU
		{5379D207-64AF-4CB6-8CF2-9871BDB76835}.Release|Any CPU.Build.0 = Release|Any CPU
	EndGlobalSection
	GlobalSection(SolutionProperties) = preSolution
		HideSolutionNode = FALSE
	EndGlobalSection
	GlobalSection(ExtensibilityGlobals) = postSolution
		SolutionGuid = {E249267D-8BB3-4559-B65F-11357AC65CDD}
	EndGlobalSection
	GlobalSection(TeamFoundationVersionControl) = preSolution
		SccNumberOfProjects = 3
		SccEnterpriseProvider = {4CA58AB2-18FA-4F8D-95D4-32DDF27D184C}
		SccTeamFoundationServer = https://dev.azure.com/ekplex
		SccLocalPath0 = .
		SccProjectUniqueName1 = SocketClient\\SocketClient.csproj
		SccProjectName1 = SocketClient
		SccLocalPath1 = SocketClient
		SccProjectUniqueName2 = SocketServer\\SocketServer.csproj
		SccProjectName2 = SocketServer
		SccLocalPath2 = SocketServer
	EndGlobalSection
EndGlobal
